// !$*UTF8*$!
{
	archiveVersion = 1;
	classes = {
	};
	objectVersion = 51;
	objects = {

/* Begin PBXBuildFile section */
		3C27665E25F9E69E004E3987 /* BaseResponseModel.swift in Sources */ = {isa = PBXBuildFile; fileRef = 3C27665D25F9E69E004E3987 /* BaseResponseModel.swift */; };
		3C27666325F9F664004E3987 /* Network.swift in Sources */ = {isa = PBXBuildFile; fileRef = 3C27666225F9F664004E3987 /* Network.swift */; };
		3C27666825F9F9F2004E3987 /* Configuration.swift in Sources */ = {isa = PBXBuildFile; fileRef = 3C27666725F9F9F2004E3987 /* Configuration.swift */; };
		3C27666D25F9FDCC004E3987 /* TargetType+Rx.swift in Sources */ = {isa = PBXBuildFile; fileRef = 3C27666C25F9FDCC004E3987 /* TargetType+Rx.swift */; };
		3C27668925F9FE4D004E3987 /* Network+Cache.swift in Sources */ = {isa = PBXBuildFile; fileRef = 3C27668825F9FE4D004E3987 /* Network+Cache.swift */; };
		3C27670625F9FFC4004E3987 /* BaseResponseModelArray.swift in Sources */ = {isa = PBXBuildFile; fileRef = 3C27670525F9FFC4004E3987 /* BaseResponseModelArray.swift */; };
		3C27670B25F9FFEB004E3987 /* FileApi.swift in Sources */ = {isa = PBXBuildFile; fileRef = 3C27670A25F9FFEB004E3987 /* FileApi.swift */; };
		3C27671C25FA0304004E3987 /* Single+Cache.swift in Sources */ = {isa = PBXBuildFile; fileRef = 3C27671125FA0304004E3987 /* Single+Cache.swift */; };
		3C27671D25FA0304004E3987 /* OnCache.swift in Sources */ = {isa = PBXBuildFile; fileRef = 3C27671225FA0304004E3987 /* OnCache.swift */; };
		3C27671E25FA0304004E3987 /* Observable+Cache.swift in Sources */ = {isa = PBXBuildFile; fileRef = 3C27671325FA0304004E3987 /* Observable+Cache.swift */; };
		3C27671F25FA0304004E3987 /* CachingKey+Moya.swift in Sources */ = {isa = PBXBuildFile; fileRef = 3C27671425FA0304004E3987 /* CachingKey+Moya.swift */; };
		3C27672025FA0304004E3987 /* TargetType+Cache.swift in Sources */ = {isa = PBXBuildFile; fileRef = 3C27671525FA0304004E3987 /* TargetType+Cache.swift */; };
		3C27672125FA0304004E3987 /* Expirable.swift in Sources */ = {isa = PBXBuildFile; fileRef = 3C27671725FA0304004E3987 /* Expirable.swift */; };
		3C27672225FA0304004E3987 /* Expiry.swift in Sources */ = {isa = PBXBuildFile; fileRef = 3C27671825FA0304004E3987 /* Expiry.swift */; };
		3C27672325FA0304004E3987 /* Storable.swift in Sources */ = {isa = PBXBuildFile; fileRef = 3C27671925FA0304004E3987 /* Storable.swift */; };
		3C27672425FA0304004E3987 /* StoringKey.swift in Sources */ = {isa = PBXBuildFile; fileRef = 3C27671A25FA0304004E3987 /* StoringKey.swift */; };
		3C27672925FA0319004E3987 /* Observable+Extension.swift in Sources */ = {isa = PBXBuildFile; fileRef = 3C27672825FA0319004E3987 /* Observable+Extension.swift */; };
		3C27672E25FA07CB004E3987 /* ObservableType+ObjectMapper.swift in Sources */ = {isa = PBXBuildFile; fileRef = 3C27672D25FA07CB004E3987 /* ObservableType+ObjectMapper.swift */; };
		3C27673325FA0828004E3987 /* Single+ObjectMapper.swift in Sources */ = {isa = PBXBuildFile; fileRef = 3C27673225FA0828004E3987 /* Single+ObjectMapper.swift */; };
		3C27673825FA087B004E3987 /* Response+ObjectMapper.swift in Sources */ = {isa = PBXBuildFile; fileRef = 3C27673725FA087B004E3987 /* Response+ObjectMapper.swift */; };
		3C27674725FA0A71004E3987 /* Reachability.swift in Sources */ = {isa = PBXBuildFile; fileRef = 3C27673F25FA0A71004E3987 /* Reachability.swift */; };
		3C27674825FA0A71004E3987 /* Reachability+Rx.swift in Sources */ = {isa = PBXBuildFile; fileRef = 3C27674025FA0A71004E3987 /* Reachability+Rx.swift */; };
		3C27674925FA0A71004E3987 /* ObservableType+Reachability.swift in Sources */ = {isa = PBXBuildFile; fileRef = 3C27674125FA0A71004E3987 /* ObservableType+Reachability.swift */; };
		3C27674A25FA0A71004E3987 /* Refresh.swift in Sources */ = {isa = PBXBuildFile; fileRef = 3C27674325FA0A71004E3987 /* Refresh.swift */; };
		3C27674B25FA0A71004E3987 /* MJRefreshComponent+Rx.swift in Sources */ = {isa = PBXBuildFile; fileRef = 3C27674425FA0A71004E3987 /* MJRefreshComponent+Rx.swift */; };
		3C27674C25FA0A71004E3987 /* MJRefreshHeader+Rx.swift in Sources */ = {isa = PBXBuildFile; fileRef = 3C27674525FA0A71004E3987 /* MJRefreshHeader+Rx.swift */; };
		3C27674D25FA0A71004E3987 /* MJRefreshFooter+Rx.swift in Sources */ = {isa = PBXBuildFile; fileRef = 3C27674625FA0A71004E3987 /* MJRefreshFooter+Rx.swift */; };
		3C27675625FA0C13004E3987 /* MapTo.swift in Sources */ = {isa = PBXBuildFile; fileRef = 3C27675525FA0C13004E3987 /* MapTo.swift */; };
		3C44A06825A06B4D00FCC10A /* AppDelegate.swift in Sources */ = {isa = PBXBuildFile; fileRef = 3C44A06725A06B4D00FCC10A /* AppDelegate.swift */; };
		3C44A07125A06B5000FCC10A /* Assets.xcassets in Resources */ = {isa = PBXBuildFile; fileRef = 3C44A07025A06B5000FCC10A /* Assets.xcassets */; };
		3C44A07425A06B5000FCC10A /* LaunchScreen.storyboard in Resources */ = {isa = PBXBuildFile; fileRef = 3C44A07225A06B5000FCC10A /* LaunchScreen.storyboard */; };
		3C44A07F25A06B5000FCC10A /* StudySwiftTests.swift in Sources */ = {isa = PBXBuildFile; fileRef = 3C44A07E25A06B5000FCC10A /* StudySwiftTests.swift */; };
		3C44A08A25A06B5000FCC10A /* StudySwiftUITests.swift in Sources */ = {isa = PBXBuildFile; fileRef = 3C44A08925A06B5000FCC10A /* StudySwiftUITests.swift */; };
		3C44A10325A0704600FCC10A /* HouseViewController.swift in Sources */ = {isa = PBXBuildFile; fileRef = 3C44A10225A0704600FCC10A /* HouseViewController.swift */; };
		3C44A10825A0705500FCC10A /* DiscoverViewController.swift in Sources */ = {isa = PBXBuildFile; fileRef = 3C44A10725A0705500FCC10A /* DiscoverViewController.swift */; };
		3C44A10D25A0706B00FCC10A /* MineViewController.swift in Sources */ = {isa = PBXBuildFile; fileRef = 3C44A10C25A0706B00FCC10A /* MineViewController.swift */; };
		3C44A11C25A073B700FCC10A /* R.generated.swift in Sources */ = {isa = PBXBuildFile; fileRef = 3C44A11B25A073B700FCC10A /* R.generated.swift */; };
		3C44A12125A0760000FCC10A /* TabBarViewController.swift in Sources */ = {isa = PBXBuildFile; fileRef = 3C44A12025A0760000FCC10A /* TabBarViewController.swift */; };
		3C4C25A926032094006EBB5F /* SubjectsViewController.swift in Sources */ = {isa = PBXBuildFile; fileRef = 3C4C25A826032094006EBB5F /* SubjectsViewController.swift */; };
		3C52CA9025ECE32B00913CC7 /* BaseNavigationController.swift in Sources */ = {isa = PBXBuildFile; fileRef = 3C52CA8F25ECE32B00913CC7 /* BaseNavigationController.swift */; };
		3C62C07825FB10C500EE3CF4 /* ViewModelable.swift in Sources */ = {isa = PBXBuildFile; fileRef = 3C62C06E25FB10C400EE3CF4 /* ViewModelable.swift */; };
		3C62C07925FB10C500EE3CF4 /* UICollectionView+Rx.swift in Sources */ = {isa = PBXBuildFile; fileRef = 3C62C06F25FB10C400EE3CF4 /* UICollectionView+Rx.swift */; };
		3C62C07A25FB10C500EE3CF4 /* UITableView+Rx.swift in Sources */ = {isa = PBXBuildFile; fileRef = 3C62C07025FB10C400EE3CF4 /* UITableView+Rx.swift */; };
		3C62C07B25FB10C500EE3CF4 /* BaseViewController.swift in Sources */ = {isa = PBXBuildFile; fileRef = 3C62C07125FB10C500EE3CF4 /* BaseViewController.swift */; };
		3C62C07C25FB10C500EE3CF4 /* RefreshViewModel.swift in Sources */ = {isa = PBXBuildFile; fileRef = 3C62C07225FB10C500EE3CF4 /* RefreshViewModel.swift */; };
		3C62C07D25FB10C500EE3CF4 /* CollectionViewController.swift in Sources */ = {isa = PBXBuildFile; fileRef = 3C62C07325FB10C500EE3CF4 /* CollectionViewController.swift */; };
		3C62C07E25FB10C500EE3CF4 /* NVActivityIndicatorView+Rx.swift in Sources */ = {isa = PBXBuildFile; fileRef = 3C62C07425FB10C500EE3CF4 /* NVActivityIndicatorView+Rx.swift */; };
		3C62C07F25FB10C500EE3CF4 /* UIViewController+Rx.swift in Sources */ = {isa = PBXBuildFile; fileRef = 3C62C07525FB10C500EE3CF4 /* UIViewController+Rx.swift */; };
		3C62C08025FB10C500EE3CF4 /* ViewModel.swift in Sources */ = {isa = PBXBuildFile; fileRef = 3C62C07625FB10C500EE3CF4 /* ViewModel.swift */; };
		3C62C08125FB10C500EE3CF4 /* TableViewController.swift in Sources */ = {isa = PBXBuildFile; fileRef = 3C62C07725FB10C500EE3CF4 /* TableViewController.swift */; };
		3C62C08625FB127200EE3CF4 /* ActivityIndicator.swift in Sources */ = {isa = PBXBuildFile; fileRef = 3C62C08525FB127200EE3CF4 /* ActivityIndicator.swift */; };
		3C62C08B25FB128000EE3CF4 /* ErrorTracker.swift in Sources */ = {isa = PBXBuildFile; fileRef = 3C62C08A25FB128000EE3CF4 /* ErrorTracker.swift */; };
		3C62C09025FB171B00EE3CF4 /* PopularViewModel.swift in Sources */ = {isa = PBXBuildFile; fileRef = 3C62C08F25FB171B00EE3CF4 /* PopularViewModel.swift */; };
		3C62C0CA25FB31F400EE3CF4 /* WaterfallMutiSectionDelegate.swift in Sources */ = {isa = PBXBuildFile; fileRef = 3C62C0C925FB31F400EE3CF4 /* WaterfallMutiSectionDelegate.swift */; };
		3C62C0CF25FB327900EE3CF4 /* PopularCollectionViewCell.swift in Sources */ = {isa = PBXBuildFile; fileRef = 3C62C0CE25FB327900EE3CF4 /* PopularCollectionViewCell.swift */; };
		3C62C0DF25FB32E200EE3CF4 /* HomePopularEntry.swift in Sources */ = {isa = PBXBuildFile; fileRef = 3C62C0D725FB32E200EE3CF4 /* HomePopularEntry.swift */; };
		3C62C0E025FB32E200EE3CF4 /* HomePopularAuthor.swift in Sources */ = {isa = PBXBuildFile; fileRef = 3C62C0D825FB32E200EE3CF4 /* HomePopularAuthor.swift */; };
		3C62C0E125FB32E200EE3CF4 /* HomePopularMeta.swift in Sources */ = {isa = PBXBuildFile; fileRef = 3C62C0D925FB32E200EE3CF4 /* HomePopularMeta.swift */; };
		3C62C0E225FB32E200EE3CF4 /* HomePopularLikeStatistic.swift in Sources */ = {isa = PBXBuildFile; fileRef = 3C62C0DA25FB32E200EE3CF4 /* HomePopularLikeStatistic.swift */; };
		3C62C0E325FB32E200EE3CF4 /* HomePopularItem.swift in Sources */ = {isa = PBXBuildFile; fileRef = 3C62C0DB25FB32E200EE3CF4 /* HomePopularItem.swift */; };
		3C62C0E425FB32E200EE3CF4 /* HomePopularPayload.swift in Sources */ = {isa = PBXBuildFile; fileRef = 3C62C0DC25FB32E200EE3CF4 /* HomePopularPayload.swift */; };
		3C62C0E525FB32E200EE3CF4 /* HomePopularGeoChannel.swift in Sources */ = {isa = PBXBuildFile; fileRef = 3C62C0DD25FB32E200EE3CF4 /* HomePopularGeoChannel.swift */; };
		3C62C0E625FB32E200EE3CF4 /* HomePopularExpansion.swift in Sources */ = {isa = PBXBuildFile; fileRef = 3C62C0DE25FB32E200EE3CF4 /* HomePopularExpansion.swift */; };
		3C62C0F325FB358400EE3CF4 /* HomePopularSampleComment.swift in Sources */ = {isa = PBXBuildFile; fileRef = 3C62C0F225FB358400EE3CF4 /* HomePopularSampleComment.swift */; };
		3C62C0F825FB358C00EE3CF4 /* HomePopularShareTargetEntry.swift in Sources */ = {isa = PBXBuildFile; fileRef = 3C62C0F725FB358C00EE3CF4 /* HomePopularShareTargetEntry.swift */; };
		3C62C0FD25FB363900EE3CF4 /* HomePopularRootClass.swift in Sources */ = {isa = PBXBuildFile; fileRef = 3C62C0FC25FB363900EE3CF4 /* HomePopularRootClass.swift */; };
		3C62C10225FB367E00EE3CF4 /* HomeApi.swift in Sources */ = {isa = PBXBuildFile; fileRef = 3C62C10125FB367E00EE3CF4 /* HomeApi.swift */; };
		3C62C10A25FB372400EE3CF4 /* HomePopularData.swift in Sources */ = {isa = PBXBuildFile; fileRef = 3C62C10925FB372400EE3CF4 /* HomePopularData.swift */; };
		3C62C10F25FB378D00EE3CF4 /* Then.swift in Sources */ = {isa = PBXBuildFile; fileRef = 3C62C10E25FB378D00EE3CF4 /* Then.swift */; };
		3C62C15B25FB6F9700EE3CF4 /* HUD+UIView.swift in Sources */ = {isa = PBXBuildFile; fileRef = 3C62C15925FB6F9600EE3CF4 /* HUD+UIView.swift */; };
		3C62C15C25FB6F9700EE3CF4 /* HUD.swift in Sources */ = {isa = PBXBuildFile; fileRef = 3C62C15A25FB6F9600EE3CF4 /* HUD.swift */; };
		3C6360D8260DBA5500CDAA6B /* FilteringViewController.swift in Sources */ = {isa = PBXBuildFile; fileRef = 3C6360D7260DBA5500CDAA6B /* FilteringViewController.swift */; };
		3C6360E1260DC1B300CDAA6B /* ConditionalBooleanOperatorsViewController.swift in Sources */ = {isa = PBXBuildFile; fileRef = 3C6360E0260DC1B300CDAA6B /* ConditionalBooleanOperatorsViewController.swift */; };
		3C6360EA260DC3DA00CDAA6B /* CombiningViewController.swift in Sources */ = {isa = PBXBuildFile; fileRef = 3C6360E9260DC3DA00CDAA6B /* CombiningViewController.swift */; };
		3C6360F3260DC69300CDAA6B /* MathematicalAggregateOperatorsViewController.swift in Sources */ = {isa = PBXBuildFile; fileRef = 3C6360F2260DC69300CDAA6B /* MathematicalAggregateOperatorsViewController.swift */; };
		3C6360FC260DC91800CDAA6B /* ConnectableViewController.swift in Sources */ = {isa = PBXBuildFile; fileRef = 3C6360FB260DC91800CDAA6B /* ConnectableViewController.swift */; };
		3C636105260DE34800CDAA6B /* UtilityOperatorsViewController.swift in Sources */ = {isa = PBXBuildFile; fileRef = 3C636104260DE34800CDAA6B /* UtilityOperatorsViewController.swift */; };
		3C639055260192D100473B22 /* BindViewController.swift in Sources */ = {isa = PBXBuildFile; fileRef = 3C639054260192D100473B22 /* BindViewController.swift */; };
		3C63905E2601997A00473B22 /* UIExtensionViewController.swift in Sources */ = {isa = PBXBuildFile; fileRef = 3C63905D2601997A00473B22 /* UIExtensionViewController.swift */; };
		3C64951B25C29B6600EDE84F /* UtilCoreNavigatorMap.swift in Sources */ = {isa = PBXBuildFile; fileRef = 3C64951A25C29B6600EDE84F /* UtilCoreNavigatorMap.swift */; };
		3C64954425C2B21900EDE84F /* KrToastExtensions.swift in Sources */ = {isa = PBXBuildFile; fileRef = 3C64954325C2B21900EDE84F /* KrToastExtensions.swift */; };
		3C64954C25C2B53700EDE84F /* UtilCore.swift in Sources */ = {isa = PBXBuildFile; fileRef = 3C64954B25C2B53700EDE84F /* UtilCore.swift */; };
		3C66356325EDE24700C16D15 /* KrUIColorExtensions.swift in Sources */ = {isa = PBXBuildFile; fileRef = 3C66356225EDE24700C16D15 /* KrUIColorExtensions.swift */; };
		3C66356825EDE31200C16D15 /* KrArrayExtensions.swift in Sources */ = {isa = PBXBuildFile; fileRef = 3C66356725EDE31200C16D15 /* KrArrayExtensions.swift */; };
		3C66356D25EDE44E00C16D15 /* KrUIViewExtensions.swift in Sources */ = {isa = PBXBuildFile; fileRef = 3C66356C25EDE44E00C16D15 /* KrUIViewExtensions.swift */; };
		3C66357225EDE5F900C16D15 /* KrStringExtensions.swift in Sources */ = {isa = PBXBuildFile; fileRef = 3C66357125EDE5F900C16D15 /* KrStringExtensions.swift */; };
		3C66357725EDE9F800C16D15 /* KrUIButtonExtensions.swift in Sources */ = {isa = PBXBuildFile; fileRef = 3C66357625EDE9F800C16D15 /* KrUIButtonExtensions.swift */; };
		3C66357C25EDEA9E00C16D15 /* CountDown.swift in Sources */ = {isa = PBXBuildFile; fileRef = 3C66357B25EDEA9E00C16D15 /* CountDown.swift */; };
		3C66358125EE00D900C16D15 /* KrDeviceExtensions.swift in Sources */ = {isa = PBXBuildFile; fileRef = 3C66358025EE00D900C16D15 /* KrDeviceExtensions.swift */; };
		3C66358625EE025F00C16D15 /* KrUILabelExtensions.swift in Sources */ = {isa = PBXBuildFile; fileRef = 3C66358525EE025E00C16D15 /* KrUILabelExtensions.swift */; };
		3C66358B25EE033F00C16D15 /* KrOptionalExtensions.swift in Sources */ = {isa = PBXBuildFile; fileRef = 3C66358A25EE033F00C16D15 /* KrOptionalExtensions.swift */; };
		3C670A3A260039960083B722 /* DoOnViewController.swift in Sources */ = {isa = PBXBuildFile; fileRef = 3C670A39260039960083B722 /* DoOnViewController.swift */; };
		3C670A43260045090083B722 /* DisposeViewController.swift in Sources */ = {isa = PBXBuildFile; fileRef = 3C670A42260045090083B722 /* DisposeViewController.swift */; };
		3C671C6925FEEED800E992F1 /* DataModel.swift in Sources */ = {isa = PBXBuildFile; fileRef = 3C671C6825FEEED800E992F1 /* DataModel.swift */; };
		3C671C6F25FEF53400E992F1 /* ObservableViewController.swift in Sources */ = {isa = PBXBuildFile; fileRef = 3C671C6E25FEF53400E992F1 /* ObservableViewController.swift */; };
		3C671C7825FF68CD00E992F1 /* SubscribeViewController.swift in Sources */ = {isa = PBXBuildFile; fileRef = 3C671C7725FF68CD00E992F1 /* SubscribeViewController.swift */; };
		3C69DB8525C3F2A5008214C3 /* HouseRouter.swift in Sources */ = {isa = PBXBuildFile; fileRef = 3C69DB8425C3F2A5008214C3 /* HouseRouter.swift */; };
		3C6B803A25F4D38600FBCF9F /* ApiType.swift in Sources */ = {isa = PBXBuildFile; fileRef = 3C6B803925F4D38600FBCF9F /* ApiType.swift */; };
		3C6B804225F4D57600FBCF9F /* Macros.swift in Sources */ = {isa = PBXBuildFile; fileRef = 3C6B804125F4D57600FBCF9F /* Macros.swift */; };
		3C6B804825F4D6B200FBCF9F /* NetworkPlugin.swift in Sources */ = {isa = PBXBuildFile; fileRef = 3C6B804725F4D6B200FBCF9F /* NetworkPlugin.swift */; };
		3C6B805125F4D8F700FBCF9F /* Logger.swift in Sources */ = {isa = PBXBuildFile; fileRef = 3C6B805025F4D8F700FBCF9F /* Logger.swift */; };
		3C7B59EB25A1C334006DD208 /* AppRouter.swift in Sources */ = {isa = PBXBuildFile; fileRef = 3C7B59EA25A1C334006DD208 /* AppRouter.swift */; };
		3C8451B325EE086200D958FD /* PlaceholderTextView.swift in Sources */ = {isa = PBXBuildFile; fileRef = 3C8451B225EE086200D958FD /* PlaceholderTextView.swift */; };
		3C8451B825EE0A1900D958FD /* RegexHelper.swift in Sources */ = {isa = PBXBuildFile; fileRef = 3C8451B725EE0A1900D958FD /* RegexHelper.swift */; };
		3C8451BD25EE0B5700D958FD /* KrUITextFieldExtensions.swift in Sources */ = {isa = PBXBuildFile; fileRef = 3C8451BC25EE0B5700D958FD /* KrUITextFieldExtensions.swift */; };
		3C8451C225EE0E2D00D958FD /* KrDateExtensions.swift in Sources */ = {isa = PBXBuildFile; fileRef = 3C8451C125EE0E2D00D958FD /* KrDateExtensions.swift */; };
		3C84520825EE16AA00D958FD /* KrUIImageExtensions.swift in Sources */ = {isa = PBXBuildFile; fileRef = 3C84520725EE16AA00D958FD /* KrUIImageExtensions.swift */; };
		3C84520D25EE17C600D958FD /* KrDoubleExtensions.swift in Sources */ = {isa = PBXBuildFile; fileRef = 3C84520C25EE17C600D958FD /* KrDoubleExtensions.swift */; };
		3C84521225EE182500D958FD /* KrCLLocationCoordinate2DExtensions.swift in Sources */ = {isa = PBXBuildFile; fileRef = 3C84521125EE182500D958FD /* KrCLLocationCoordinate2DExtensions.swift */; };
		3C84521A25EE18AF00D958FD /* KrUITapGestureRecognizerExtensions.swift in Sources */ = {isa = PBXBuildFile; fileRef = 3C84521925EE18AF00D958FD /* KrUITapGestureRecognizerExtensions.swift */; };
		3C8452B925EE1B3C00D958FD /* KrRuntimeExtensions.swift in Sources */ = {isa = PBXBuildFile; fileRef = 3C8452B825EE1B3C00D958FD /* KrRuntimeExtensions.swift */; };
		3C8452F525EE1D9500D958FD /* KrURLExtensions.swift in Sources */ = {isa = PBXBuildFile; fileRef = 3C8452F425EE1D9500D958FD /* KrURLExtensions.swift */; };
		3C8452FA25EE1DC300D958FD /* KrUIAlertControllerExtensions.swift in Sources */ = {isa = PBXBuildFile; fileRef = 3C8452F925EE1DC300D958FD /* KrUIAlertControllerExtensions.swift */; };
		3C8452FF25EE1E0000D958FD /* KrUIControlExtensions.swift in Sources */ = {isa = PBXBuildFile; fileRef = 3C8452FE25EE1E0000D958FD /* KrUIControlExtensions.swift */; };
		3C84530425EE1E3400D958FD /* KrDispatchExtensions.swift in Sources */ = {isa = PBXBuildFile; fileRef = 3C84530325EE1E3400D958FD /* KrDispatchExtensions.swift */; };
		3C84530925EE1E7400D958FD /* KrBundleExtensions.swift in Sources */ = {isa = PBXBuildFile; fileRef = 3C84530825EE1E7400D958FD /* KrBundleExtensions.swift */; };
		3C84530E25EE1FB300D958FD /* KrDictionaryExtensions.swift in Sources */ = {isa = PBXBuildFile; fileRef = 3C84530D25EE1FB300D958FD /* KrDictionaryExtensions.swift */; };
		3C84531D25EE218300D958FD /* KrDataExtensions.swift in Sources */ = {isa = PBXBuildFile; fileRef = 3C84531C25EE218300D958FD /* KrDataExtensions.swift */; };
		3C8B99EE260B351E00C8BD0B /* TransformingViewController.swift in Sources */ = {isa = PBXBuildFile; fileRef = 3C8B99ED260B351E00C8BD0B /* TransformingViewController.swift */; };
		5DDEFC5C89B668B343496022 /* Pods_StudySwift_StudySwiftUITests.framework in Frameworks */ = {isa = PBXBuildFile; fileRef = 290DDB2ED124A78DC1463DDF /* Pods_StudySwift_StudySwiftUITests.framework */; };
		A11E4057A88E2820D9AEE575 /* Pods_StudySwiftTests.framework in Frameworks */ = {isa = PBXBuildFile; fileRef = 816ACBD7631E6819133313D2 /* Pods_StudySwiftTests.framework */; };
		BC16820EAE4574D0BACC7DA1 /* Pods_StudySwift.framework in Frameworks */ = {isa = PBXBuildFile; fileRef = 9CAC62526D955A1CD8872F7C /* Pods_StudySwift.framework */; };
/* End PBXBuildFile section */

/* Begin PBXContainerItemProxy section */
		3C44A07B25A06B5000FCC10A /* PBXContainerItemProxy */ = {
			isa = PBXContainerItemProxy;
			containerPortal = 3C44A05C25A06B4D00FCC10A /* Project object */;
			proxyType = 1;
			remoteGlobalIDString = 3C44A06325A06B4D00FCC10A;
			remoteInfo = StudySwift;
		};
		3C44A08625A06B5000FCC10A /* PBXContainerItemProxy */ = {
			isa = PBXContainerItemProxy;
			containerPortal = 3C44A05C25A06B4D00FCC10A /* Project object */;
			proxyType = 1;
			remoteGlobalIDString = 3C44A06325A06B4D00FCC10A;
			remoteInfo = StudySwift;
		};
/* End PBXContainerItemProxy section */

/* Begin PBXFileReference section */
		08BAB22936DF9A1F177E5B7C /* Pods-StudySwift.debug.xcconfig */ = {isa = PBXFileReference; includeInIndex = 1; lastKnownFileType = text.xcconfig; name = "Pods-StudySwift.debug.xcconfig"; path = "Target Support Files/Pods-StudySwift/Pods-StudySwift.debug.xcconfig"; sourceTree = "<group>"; };
		264199CEC350F00758F9F1A5 /* Pods-StudySwift-StudySwiftUITests.debug.xcconfig */ = {isa = PBXFileReference; includeInIndex = 1; lastKnownFileType = text.xcconfig; name = "Pods-StudySwift-StudySwiftUITests.debug.xcconfig"; path = "Target Support Files/Pods-StudySwift-StudySwiftUITests/Pods-StudySwift-StudySwiftUITests.debug.xcconfig"; sourceTree = "<group>"; };
		290DDB2ED124A78DC1463DDF /* Pods_StudySwift_StudySwiftUITests.framework */ = {isa = PBXFileReference; explicitFileType = wrapper.framework; includeInIndex = 0; path = Pods_StudySwift_StudySwiftUITests.framework; sourceTree = BUILT_PRODUCTS_DIR; };
		2B1850DC258F8326080DA9B9 /* Pods-StudySwiftTests.release.xcconfig */ = {isa = PBXFileReference; includeInIndex = 1; lastKnownFileType = text.xcconfig; name = "Pods-StudySwiftTests.release.xcconfig"; path = "Target Support Files/Pods-StudySwiftTests/Pods-StudySwiftTests.release.xcconfig"; sourceTree = "<group>"; };
		329EE9033DAB1893801AA7FE /* Pods-StudySwift-StudySwiftUITests.release.xcconfig */ = {isa = PBXFileReference; includeInIndex = 1; lastKnownFileType = text.xcconfig; name = "Pods-StudySwift-StudySwiftUITests.release.xcconfig"; path = "Target Support Files/Pods-StudySwift-StudySwiftUITests/Pods-StudySwift-StudySwiftUITests.release.xcconfig"; sourceTree = "<group>"; };
		3C27665D25F9E69E004E3987 /* BaseResponseModel.swift */ = {isa = PBXFileReference; lastKnownFileType = sourcecode.swift; path = BaseResponseModel.swift; sourceTree = "<group>"; };
		3C27666225F9F664004E3987 /* Network.swift */ = {isa = PBXFileReference; lastKnownFileType = sourcecode.swift; path = Network.swift; sourceTree = "<group>"; };
		3C27666725F9F9F2004E3987 /* Configuration.swift */ = {isa = PBXFileReference; lastKnownFileType = sourcecode.swift; path = Configuration.swift; sourceTree = "<group>"; };
		3C27666C25F9FDCC004E3987 /* TargetType+Rx.swift */ = {isa = PBXFileReference; lastKnownFileType = sourcecode.swift; path = "TargetType+Rx.swift"; sourceTree = "<group>"; };
		3C27668825F9FE4D004E3987 /* Network+Cache.swift */ = {isa = PBXFileReference; lastKnownFileType = sourcecode.swift; path = "Network+Cache.swift"; sourceTree = "<group>"; };
		3C27670525F9FFC4004E3987 /* BaseResponseModelArray.swift */ = {isa = PBXFileReference; lastKnownFileType = sourcecode.swift; path = BaseResponseModelArray.swift; sourceTree = "<group>"; };
		3C27670A25F9FFEB004E3987 /* FileApi.swift */ = {isa = PBXFileReference; lastKnownFileType = sourcecode.swift; path = FileApi.swift; sourceTree = "<group>"; };
		3C27671125FA0304004E3987 /* Single+Cache.swift */ = {isa = PBXFileReference; fileEncoding = 4; lastKnownFileType = sourcecode.swift; path = "Single+Cache.swift"; sourceTree = "<group>"; };
		3C27671225FA0304004E3987 /* OnCache.swift */ = {isa = PBXFileReference; fileEncoding = 4; lastKnownFileType = sourcecode.swift; path = OnCache.swift; sourceTree = "<group>"; };
		3C27671325FA0304004E3987 /* Observable+Cache.swift */ = {isa = PBXFileReference; fileEncoding = 4; lastKnownFileType = sourcecode.swift; path = "Observable+Cache.swift"; sourceTree = "<group>"; };
		3C27671425FA0304004E3987 /* CachingKey+Moya.swift */ = {isa = PBXFileReference; fileEncoding = 4; lastKnownFileType = sourcecode.swift; path = "CachingKey+Moya.swift"; sourceTree = "<group>"; };
		3C27671525FA0304004E3987 /* TargetType+Cache.swift */ = {isa = PBXFileReference; fileEncoding = 4; lastKnownFileType = sourcecode.swift; path = "TargetType+Cache.swift"; sourceTree = "<group>"; };
		3C27671725FA0304004E3987 /* Expirable.swift */ = {isa = PBXFileReference; fileEncoding = 4; lastKnownFileType = sourcecode.swift; path = Expirable.swift; sourceTree = "<group>"; };
		3C27671825FA0304004E3987 /* Expiry.swift */ = {isa = PBXFileReference; fileEncoding = 4; lastKnownFileType = sourcecode.swift; path = Expiry.swift; sourceTree = "<group>"; };
		3C27671925FA0304004E3987 /* Storable.swift */ = {isa = PBXFileReference; fileEncoding = 4; lastKnownFileType = sourcecode.swift; path = Storable.swift; sourceTree = "<group>"; };
		3C27671A25FA0304004E3987 /* StoringKey.swift */ = {isa = PBXFileReference; fileEncoding = 4; lastKnownFileType = sourcecode.swift; path = StoringKey.swift; sourceTree = "<group>"; };
		3C27672825FA0319004E3987 /* Observable+Extension.swift */ = {isa = PBXFileReference; lastKnownFileType = sourcecode.swift; path = "Observable+Extension.swift"; sourceTree = "<group>"; };
		3C27672D25FA07CB004E3987 /* ObservableType+ObjectMapper.swift */ = {isa = PBXFileReference; lastKnownFileType = sourcecode.swift; path = "ObservableType+ObjectMapper.swift"; sourceTree = "<group>"; };
		3C27673225FA0828004E3987 /* Single+ObjectMapper.swift */ = {isa = PBXFileReference; lastKnownFileType = sourcecode.swift; path = "Single+ObjectMapper.swift"; sourceTree = "<group>"; };
		3C27673725FA087B004E3987 /* Response+ObjectMapper.swift */ = {isa = PBXFileReference; lastKnownFileType = sourcecode.swift; path = "Response+ObjectMapper.swift"; sourceTree = "<group>"; };
		3C27673F25FA0A71004E3987 /* Reachability.swift */ = {isa = PBXFileReference; fileEncoding = 4; lastKnownFileType = sourcecode.swift; path = Reachability.swift; sourceTree = "<group>"; };
		3C27674025FA0A71004E3987 /* Reachability+Rx.swift */ = {isa = PBXFileReference; fileEncoding = 4; lastKnownFileType = sourcecode.swift; path = "Reachability+Rx.swift"; sourceTree = "<group>"; };
		3C27674125FA0A71004E3987 /* ObservableType+Reachability.swift */ = {isa = PBXFileReference; fileEncoding = 4; lastKnownFileType = sourcecode.swift; path = "ObservableType+Reachability.swift"; sourceTree = "<group>"; };
		3C27674325FA0A71004E3987 /* Refresh.swift */ = {isa = PBXFileReference; fileEncoding = 4; lastKnownFileType = sourcecode.swift; path = Refresh.swift; sourceTree = "<group>"; };
		3C27674425FA0A71004E3987 /* MJRefreshComponent+Rx.swift */ = {isa = PBXFileReference; fileEncoding = 4; lastKnownFileType = sourcecode.swift; path = "MJRefreshComponent+Rx.swift"; sourceTree = "<group>"; };
		3C27674525FA0A71004E3987 /* MJRefreshHeader+Rx.swift */ = {isa = PBXFileReference; fileEncoding = 4; lastKnownFileType = sourcecode.swift; path = "MJRefreshHeader+Rx.swift"; sourceTree = "<group>"; };
		3C27674625FA0A71004E3987 /* MJRefreshFooter+Rx.swift */ = {isa = PBXFileReference; fileEncoding = 4; lastKnownFileType = sourcecode.swift; path = "MJRefreshFooter+Rx.swift"; sourceTree = "<group>"; };
		3C27675525FA0C13004E3987 /* MapTo.swift */ = {isa = PBXFileReference; lastKnownFileType = sourcecode.swift; path = MapTo.swift; sourceTree = "<group>"; };
		3C44A06425A06B4D00FCC10A /* StudySwift.app */ = {isa = PBXFileReference; explicitFileType = wrapper.application; includeInIndex = 0; path = StudySwift.app; sourceTree = BUILT_PRODUCTS_DIR; };
		3C44A06725A06B4D00FCC10A /* AppDelegate.swift */ = {isa = PBXFileReference; lastKnownFileType = sourcecode.swift; path = AppDelegate.swift; sourceTree = "<group>"; };
		3C44A07025A06B5000FCC10A /* Assets.xcassets */ = {isa = PBXFileReference; lastKnownFileType = folder.assetcatalog; path = Assets.xcassets; sourceTree = "<group>"; };
		3C44A07325A06B5000FCC10A /* Base */ = {isa = PBXFileReference; lastKnownFileType = file.storyboard; name = Base; path = Base.lproj/LaunchScreen.storyboard; sourceTree = "<group>"; };
		3C44A07525A06B5000FCC10A /* Info.plist */ = {isa = PBXFileReference; lastKnownFileType = text.plist.xml; path = Info.plist; sourceTree = "<group>"; };
		3C44A07A25A06B5000FCC10A /* StudySwiftTests.xctest */ = {isa = PBXFileReference; explicitFileType = wrapper.cfbundle; includeInIndex = 0; path = StudySwiftTests.xctest; sourceTree = BUILT_PRODUCTS_DIR; };
		3C44A07E25A06B5000FCC10A /* StudySwiftTests.swift */ = {isa = PBXFileReference; lastKnownFileType = sourcecode.swift; path = StudySwiftTests.swift; sourceTree = "<group>"; };
		3C44A08025A06B5000FCC10A /* Info.plist */ = {isa = PBXFileReference; lastKnownFileType = text.plist.xml; path = Info.plist; sourceTree = "<group>"; };
		3C44A08525A06B5000FCC10A /* StudySwiftUITests.xctest */ = {isa = PBXFileReference; explicitFileType = wrapper.cfbundle; includeInIndex = 0; path = StudySwiftUITests.xctest; sourceTree = BUILT_PRODUCTS_DIR; };
		3C44A08925A06B5000FCC10A /* StudySwiftUITests.swift */ = {isa = PBXFileReference; lastKnownFileType = sourcecode.swift; path = StudySwiftUITests.swift; sourceTree = "<group>"; };
		3C44A08B25A06B5000FCC10A /* Info.plist */ = {isa = PBXFileReference; lastKnownFileType = text.plist.xml; path = Info.plist; sourceTree = "<group>"; };
		3C44A10225A0704600FCC10A /* HouseViewController.swift */ = {isa = PBXFileReference; lastKnownFileType = sourcecode.swift; path = HouseViewController.swift; sourceTree = "<group>"; };
		3C44A10725A0705500FCC10A /* DiscoverViewController.swift */ = {isa = PBXFileReference; lastKnownFileType = sourcecode.swift; path = DiscoverViewController.swift; sourceTree = "<group>"; };
		3C44A10C25A0706B00FCC10A /* MineViewController.swift */ = {isa = PBXFileReference; lastKnownFileType = sourcecode.swift; path = MineViewController.swift; sourceTree = "<group>"; };
		3C44A11B25A073B700FCC10A /* R.generated.swift */ = {isa = PBXFileReference; fileEncoding = 4; lastKnownFileType = sourcecode.swift; path = R.generated.swift; sourceTree = SOURCE_ROOT; };
		3C44A12025A0760000FCC10A /* TabBarViewController.swift */ = {isa = PBXFileReference; lastKnownFileType = sourcecode.swift; path = TabBarViewController.swift; sourceTree = "<group>"; };
		3C4C25A826032094006EBB5F /* SubjectsViewController.swift */ = {isa = PBXFileReference; lastKnownFileType = sourcecode.swift; path = SubjectsViewController.swift; sourceTree = "<group>"; };
		3C52CA8F25ECE32B00913CC7 /* BaseNavigationController.swift */ = {isa = PBXFileReference; lastKnownFileType = sourcecode.swift; path = BaseNavigationController.swift; sourceTree = "<group>"; };
		3C53792825AAD46F00BF7C25 /* StudySwift-Bridging-Header.h */ = {isa = PBXFileReference; lastKnownFileType = sourcecode.c.h; path = "StudySwift-Bridging-Header.h"; sourceTree = "<group>"; };
		3C62C06E25FB10C400EE3CF4 /* ViewModelable.swift */ = {isa = PBXFileReference; fileEncoding = 4; lastKnownFileType = sourcecode.swift; path = ViewModelable.swift; sourceTree = "<group>"; };
		3C62C06F25FB10C400EE3CF4 /* UICollectionView+Rx.swift */ = {isa = PBXFileReference; fileEncoding = 4; lastKnownFileType = sourcecode.swift; path = "UICollectionView+Rx.swift"; sourceTree = "<group>"; };
		3C62C07025FB10C400EE3CF4 /* UITableView+Rx.swift */ = {isa = PBXFileReference; fileEncoding = 4; lastKnownFileType = sourcecode.swift; path = "UITableView+Rx.swift"; sourceTree = "<group>"; };
		3C62C07125FB10C500EE3CF4 /* BaseViewController.swift */ = {isa = PBXFileReference; fileEncoding = 4; lastKnownFileType = sourcecode.swift; path = BaseViewController.swift; sourceTree = "<group>"; };
		3C62C07225FB10C500EE3CF4 /* RefreshViewModel.swift */ = {isa = PBXFileReference; fileEncoding = 4; lastKnownFileType = sourcecode.swift; path = RefreshViewModel.swift; sourceTree = "<group>"; };
		3C62C07325FB10C500EE3CF4 /* CollectionViewController.swift */ = {isa = PBXFileReference; fileEncoding = 4; lastKnownFileType = sourcecode.swift; path = CollectionViewController.swift; sourceTree = "<group>"; };
		3C62C07425FB10C500EE3CF4 /* NVActivityIndicatorView+Rx.swift */ = {isa = PBXFileReference; fileEncoding = 4; lastKnownFileType = sourcecode.swift; path = "NVActivityIndicatorView+Rx.swift"; sourceTree = "<group>"; };
		3C62C07525FB10C500EE3CF4 /* UIViewController+Rx.swift */ = {isa = PBXFileReference; fileEncoding = 4; lastKnownFileType = sourcecode.swift; path = "UIViewController+Rx.swift"; sourceTree = "<group>"; };
		3C62C07625FB10C500EE3CF4 /* ViewModel.swift */ = {isa = PBXFileReference; fileEncoding = 4; lastKnownFileType = sourcecode.swift; path = ViewModel.swift; sourceTree = "<group>"; };
		3C62C07725FB10C500EE3CF4 /* TableViewController.swift */ = {isa = PBXFileReference; fileEncoding = 4; lastKnownFileType = sourcecode.swift; path = TableViewController.swift; sourceTree = "<group>"; };
		3C62C08525FB127200EE3CF4 /* ActivityIndicator.swift */ = {isa = PBXFileReference; fileEncoding = 4; lastKnownFileType = sourcecode.swift; path = ActivityIndicator.swift; sourceTree = "<group>"; };
		3C62C08A25FB128000EE3CF4 /* ErrorTracker.swift */ = {isa = PBXFileReference; fileEncoding = 4; lastKnownFileType = sourcecode.swift; path = ErrorTracker.swift; sourceTree = "<group>"; };
		3C62C08F25FB171B00EE3CF4 /* PopularViewModel.swift */ = {isa = PBXFileReference; lastKnownFileType = sourcecode.swift; path = PopularViewModel.swift; sourceTree = "<group>"; };
		3C62C0C925FB31F400EE3CF4 /* WaterfallMutiSectionDelegate.swift */ = {isa = PBXFileReference; fileEncoding = 4; lastKnownFileType = sourcecode.swift; path = WaterfallMutiSectionDelegate.swift; sourceTree = "<group>"; };
		3C62C0CE25FB327900EE3CF4 /* PopularCollectionViewCell.swift */ = {isa = PBXFileReference; lastKnownFileType = sourcecode.swift; path = PopularCollectionViewCell.swift; sourceTree = "<group>"; };
		3C62C0D725FB32E200EE3CF4 /* HomePopularEntry.swift */ = {isa = PBXFileReference; fileEncoding = 4; lastKnownFileType = sourcecode.swift; path = HomePopularEntry.swift; sourceTree = "<group>"; };
		3C62C0D825FB32E200EE3CF4 /* HomePopularAuthor.swift */ = {isa = PBXFileReference; fileEncoding = 4; lastKnownFileType = sourcecode.swift; path = HomePopularAuthor.swift; sourceTree = "<group>"; };
		3C62C0D925FB32E200EE3CF4 /* HomePopularMeta.swift */ = {isa = PBXFileReference; fileEncoding = 4; lastKnownFileType = sourcecode.swift; path = HomePopularMeta.swift; sourceTree = "<group>"; };
		3C62C0DA25FB32E200EE3CF4 /* HomePopularLikeStatistic.swift */ = {isa = PBXFileReference; fileEncoding = 4; lastKnownFileType = sourcecode.swift; path = HomePopularLikeStatistic.swift; sourceTree = "<group>"; };
		3C62C0DB25FB32E200EE3CF4 /* HomePopularItem.swift */ = {isa = PBXFileReference; fileEncoding = 4; lastKnownFileType = sourcecode.swift; path = HomePopularItem.swift; sourceTree = "<group>"; };
		3C62C0DC25FB32E200EE3CF4 /* HomePopularPayload.swift */ = {isa = PBXFileReference; fileEncoding = 4; lastKnownFileType = sourcecode.swift; path = HomePopularPayload.swift; sourceTree = "<group>"; };
		3C62C0DD25FB32E200EE3CF4 /* HomePopularGeoChannel.swift */ = {isa = PBXFileReference; fileEncoding = 4; lastKnownFileType = sourcecode.swift; path = HomePopularGeoChannel.swift; sourceTree = "<group>"; };
		3C62C0DE25FB32E200EE3CF4 /* HomePopularExpansion.swift */ = {isa = PBXFileReference; fileEncoding = 4; lastKnownFileType = sourcecode.swift; path = HomePopularExpansion.swift; sourceTree = "<group>"; };
		3C62C0F225FB358400EE3CF4 /* HomePopularSampleComment.swift */ = {isa = PBXFileReference; fileEncoding = 4; lastKnownFileType = sourcecode.swift; path = HomePopularSampleComment.swift; sourceTree = "<group>"; };
		3C62C0F725FB358C00EE3CF4 /* HomePopularShareTargetEntry.swift */ = {isa = PBXFileReference; fileEncoding = 4; lastKnownFileType = sourcecode.swift; path = HomePopularShareTargetEntry.swift; sourceTree = "<group>"; };
		3C62C0FC25FB363900EE3CF4 /* HomePopularRootClass.swift */ = {isa = PBXFileReference; fileEncoding = 4; lastKnownFileType = sourcecode.swift; path = HomePopularRootClass.swift; sourceTree = "<group>"; };
		3C62C10125FB367E00EE3CF4 /* HomeApi.swift */ = {isa = PBXFileReference; lastKnownFileType = sourcecode.swift; path = HomeApi.swift; sourceTree = "<group>"; };
		3C62C10925FB372400EE3CF4 /* HomePopularData.swift */ = {isa = PBXFileReference; fileEncoding = 4; lastKnownFileType = sourcecode.swift; path = HomePopularData.swift; sourceTree = "<group>"; };
		3C62C10E25FB378D00EE3CF4 /* Then.swift */ = {isa = PBXFileReference; fileEncoding = 4; lastKnownFileType = sourcecode.swift; path = Then.swift; sourceTree = "<group>"; };
		3C62C15925FB6F9600EE3CF4 /* HUD+UIView.swift */ = {isa = PBXFileReference; fileEncoding = 4; lastKnownFileType = sourcecode.swift; path = "HUD+UIView.swift"; sourceTree = "<group>"; };
		3C62C15A25FB6F9600EE3CF4 /* HUD.swift */ = {isa = PBXFileReference; fileEncoding = 4; lastKnownFileType = sourcecode.swift; path = HUD.swift; sourceTree = "<group>"; };
		3C6360D7260DBA5500CDAA6B /* FilteringViewController.swift */ = {isa = PBXFileReference; lastKnownFileType = sourcecode.swift; path = FilteringViewController.swift; sourceTree = "<group>"; };
		3C6360E0260DC1B300CDAA6B /* ConditionalBooleanOperatorsViewController.swift */ = {isa = PBXFileReference; lastKnownFileType = sourcecode.swift; path = ConditionalBooleanOperatorsViewController.swift; sourceTree = "<group>"; };
		3C6360E9260DC3DA00CDAA6B /* CombiningViewController.swift */ = {isa = PBXFileReference; lastKnownFileType = sourcecode.swift; path = CombiningViewController.swift; sourceTree = "<group>"; };
		3C6360F2260DC69300CDAA6B /* MathematicalAggregateOperatorsViewController.swift */ = {isa = PBXFileReference; lastKnownFileType = sourcecode.swift; path = MathematicalAggregateOperatorsViewController.swift; sourceTree = "<group>"; };
		3C6360FB260DC91800CDAA6B /* ConnectableViewController.swift */ = {isa = PBXFileReference; lastKnownFileType = sourcecode.swift; path = ConnectableViewController.swift; sourceTree = "<group>"; };
		3C636104260DE34800CDAA6B /* UtilityOperatorsViewController.swift */ = {isa = PBXFileReference; lastKnownFileType = sourcecode.swift; path = UtilityOperatorsViewController.swift; sourceTree = "<group>"; };
		3C639054260192D100473B22 /* BindViewController.swift */ = {isa = PBXFileReference; lastKnownFileType = sourcecode.swift; path = BindViewController.swift; sourceTree = "<group>"; };
		3C63905D2601997A00473B22 /* UIExtensionViewController.swift */ = {isa = PBXFileReference; lastKnownFileType = sourcecode.swift; path = UIExtensionViewController.swift; sourceTree = "<group>"; };
		3C64951A25C29B6600EDE84F /* UtilCoreNavigatorMap.swift */ = {isa = PBXFileReference; lastKnownFileType = sourcecode.swift; path = UtilCoreNavigatorMap.swift; sourceTree = "<group>"; };
		3C64954325C2B21900EDE84F /* KrToastExtensions.swift */ = {isa = PBXFileReference; lastKnownFileType = sourcecode.swift; path = KrToastExtensions.swift; sourceTree = "<group>"; };
		3C64954B25C2B53700EDE84F /* UtilCore.swift */ = {isa = PBXFileReference; lastKnownFileType = sourcecode.swift; path = UtilCore.swift; sourceTree = "<group>"; };
		3C66356225EDE24700C16D15 /* KrUIColorExtensions.swift */ = {isa = PBXFileReference; lastKnownFileType = sourcecode.swift; path = KrUIColorExtensions.swift; sourceTree = "<group>"; };
		3C66356725EDE31200C16D15 /* KrArrayExtensions.swift */ = {isa = PBXFileReference; lastKnownFileType = sourcecode.swift; path = KrArrayExtensions.swift; sourceTree = "<group>"; };
		3C66356C25EDE44E00C16D15 /* KrUIViewExtensions.swift */ = {isa = PBXFileReference; lastKnownFileType = sourcecode.swift; path = KrUIViewExtensions.swift; sourceTree = "<group>"; };
		3C66357125EDE5F900C16D15 /* KrStringExtensions.swift */ = {isa = PBXFileReference; lastKnownFileType = sourcecode.swift; path = KrStringExtensions.swift; sourceTree = "<group>"; };
		3C66357625EDE9F800C16D15 /* KrUIButtonExtensions.swift */ = {isa = PBXFileReference; lastKnownFileType = sourcecode.swift; path = KrUIButtonExtensions.swift; sourceTree = "<group>"; };
		3C66357B25EDEA9E00C16D15 /* CountDown.swift */ = {isa = PBXFileReference; lastKnownFileType = sourcecode.swift; path = CountDown.swift; sourceTree = "<group>"; };
		3C66358025EE00D900C16D15 /* KrDeviceExtensions.swift */ = {isa = PBXFileReference; lastKnownFileType = sourcecode.swift; path = KrDeviceExtensions.swift; sourceTree = "<group>"; };
		3C66358525EE025E00C16D15 /* KrUILabelExtensions.swift */ = {isa = PBXFileReference; lastKnownFileType = sourcecode.swift; path = KrUILabelExtensions.swift; sourceTree = "<group>"; };
		3C66358A25EE033F00C16D15 /* KrOptionalExtensions.swift */ = {isa = PBXFileReference; lastKnownFileType = sourcecode.swift; path = KrOptionalExtensions.swift; sourceTree = "<group>"; };
		3C670A39260039960083B722 /* DoOnViewController.swift */ = {isa = PBXFileReference; lastKnownFileType = sourcecode.swift; path = DoOnViewController.swift; sourceTree = "<group>"; };
		3C670A42260045090083B722 /* DisposeViewController.swift */ = {isa = PBXFileReference; lastKnownFileType = sourcecode.swift; path = DisposeViewController.swift; sourceTree = "<group>"; };
		3C671C6825FEEED800E992F1 /* DataModel.swift */ = {isa = PBXFileReference; lastKnownFileType = sourcecode.swift; path = DataModel.swift; sourceTree = "<group>"; };
		3C671C6E25FEF53400E992F1 /* ObservableViewController.swift */ = {isa = PBXFileReference; lastKnownFileType = sourcecode.swift; path = ObservableViewController.swift; sourceTree = "<group>"; };
		3C671C7725FF68CD00E992F1 /* SubscribeViewController.swift */ = {isa = PBXFileReference; lastKnownFileType = sourcecode.swift; path = SubscribeViewController.swift; sourceTree = "<group>"; };
		3C69DB8425C3F2A5008214C3 /* HouseRouter.swift */ = {isa = PBXFileReference; lastKnownFileType = sourcecode.swift; path = HouseRouter.swift; sourceTree = "<group>"; };
		3C6B803925F4D38600FBCF9F /* ApiType.swift */ = {isa = PBXFileReference; lastKnownFileType = sourcecode.swift; path = ApiType.swift; sourceTree = "<group>"; };
		3C6B804125F4D57600FBCF9F /* Macros.swift */ = {isa = PBXFileReference; lastKnownFileType = sourcecode.swift; path = Macros.swift; sourceTree = "<group>"; };
		3C6B804725F4D6B200FBCF9F /* NetworkPlugin.swift */ = {isa = PBXFileReference; lastKnownFileType = sourcecode.swift; path = NetworkPlugin.swift; sourceTree = "<group>"; };
		3C6B805025F4D8F700FBCF9F /* Logger.swift */ = {isa = PBXFileReference; lastKnownFileType = sourcecode.swift; path = Logger.swift; sourceTree = "<group>"; };
		3C7B59EA25A1C334006DD208 /* AppRouter.swift */ = {isa = PBXFileReference; lastKnownFileType = sourcecode.swift; path = AppRouter.swift; sourceTree = "<group>"; };
		3C8451B225EE086200D958FD /* PlaceholderTextView.swift */ = {isa = PBXFileReference; lastKnownFileType = sourcecode.swift; path = PlaceholderTextView.swift; sourceTree = "<group>"; };
		3C8451B725EE0A1900D958FD /* RegexHelper.swift */ = {isa = PBXFileReference; lastKnownFileType = sourcecode.swift; path = RegexHelper.swift; sourceTree = "<group>"; };
		3C8451BC25EE0B5700D958FD /* KrUITextFieldExtensions.swift */ = {isa = PBXFileReference; lastKnownFileType = sourcecode.swift; path = KrUITextFieldExtensions.swift; sourceTree = "<group>"; };
		3C8451C125EE0E2D00D958FD /* KrDateExtensions.swift */ = {isa = PBXFileReference; lastKnownFileType = sourcecode.swift; path = KrDateExtensions.swift; sourceTree = "<group>"; };
		3C84520725EE16AA00D958FD /* KrUIImageExtensions.swift */ = {isa = PBXFileReference; lastKnownFileType = sourcecode.swift; path = KrUIImageExtensions.swift; sourceTree = "<group>"; };
		3C84520C25EE17C600D958FD /* KrDoubleExtensions.swift */ = {isa = PBXFileReference; lastKnownFileType = sourcecode.swift; path = KrDoubleExtensions.swift; sourceTree = "<group>"; };
		3C84521125EE182500D958FD /* KrCLLocationCoordinate2DExtensions.swift */ = {isa = PBXFileReference; lastKnownFileType = sourcecode.swift; path = KrCLLocationCoordinate2DExtensions.swift; sourceTree = "<group>"; };
		3C84521925EE18AF00D958FD /* KrUITapGestureRecognizerExtensions.swift */ = {isa = PBXFileReference; lastKnownFileType = sourcecode.swift; path = KrUITapGestureRecognizerExtensions.swift; sourceTree = "<group>"; };
		3C8452B825EE1B3C00D958FD /* KrRuntimeExtensions.swift */ = {isa = PBXFileReference; lastKnownFileType = sourcecode.swift; path = KrRuntimeExtensions.swift; sourceTree = "<group>"; };
		3C8452F425EE1D9500D958FD /* KrURLExtensions.swift */ = {isa = PBXFileReference; lastKnownFileType = sourcecode.swift; path = KrURLExtensions.swift; sourceTree = "<group>"; };
		3C8452F925EE1DC300D958FD /* KrUIAlertControllerExtensions.swift */ = {isa = PBXFileReference; lastKnownFileType = sourcecode.swift; path = KrUIAlertControllerExtensions.swift; sourceTree = "<group>"; };
		3C8452FE25EE1E0000D958FD /* KrUIControlExtensions.swift */ = {isa = PBXFileReference; lastKnownFileType = sourcecode.swift; path = KrUIControlExtensions.swift; sourceTree = "<group>"; };
		3C84530325EE1E3400D958FD /* KrDispatchExtensions.swift */ = {isa = PBXFileReference; lastKnownFileType = sourcecode.swift; path = KrDispatchExtensions.swift; sourceTree = "<group>"; };
		3C84530825EE1E7400D958FD /* KrBundleExtensions.swift */ = {isa = PBXFileReference; lastKnownFileType = sourcecode.swift; path = KrBundleExtensions.swift; sourceTree = "<group>"; };
		3C84530D25EE1FB300D958FD /* KrDictionaryExtensions.swift */ = {isa = PBXFileReference; lastKnownFileType = sourcecode.swift; path = KrDictionaryExtensions.swift; sourceTree = "<group>"; };
		3C84531C25EE218300D958FD /* KrDataExtensions.swift */ = {isa = PBXFileReference; lastKnownFileType = sourcecode.swift; path = KrDataExtensions.swift; sourceTree = "<group>"; };
		3C8B99ED260B351E00C8BD0B /* TransformingViewController.swift */ = {isa = PBXFileReference; lastKnownFileType = sourcecode.swift; path = TransformingViewController.swift; sourceTree = "<group>"; };
		6CC32B124E2CD1DBC9DCF376 /* Pods-StudySwift.release.xcconfig */ = {isa = PBXFileReference; includeInIndex = 1; lastKnownFileType = text.xcconfig; name = "Pods-StudySwift.release.xcconfig"; path = "Target Support Files/Pods-StudySwift/Pods-StudySwift.release.xcconfig"; sourceTree = "<group>"; };
		816ACBD7631E6819133313D2 /* Pods_StudySwiftTests.framework */ = {isa = PBXFileReference; explicitFileType = wrapper.framework; includeInIndex = 0; path = Pods_StudySwiftTests.framework; sourceTree = BUILT_PRODUCTS_DIR; };
		9CAC62526D955A1CD8872F7C /* Pods_StudySwift.framework */ = {isa = PBXFileReference; explicitFileType = wrapper.framework; includeInIndex = 0; path = Pods_StudySwift.framework; sourceTree = BUILT_PRODUCTS_DIR; };
		F6932082149CF58CD2CD5B7B /* Pods-StudySwiftTests.debug.xcconfig */ = {isa = PBXFileReference; includeInIndex = 1; lastKnownFileType = text.xcconfig; name = "Pods-StudySwiftTests.debug.xcconfig"; path = "Target Support Files/Pods-StudySwiftTests/Pods-StudySwiftTests.debug.xcconfig"; sourceTree = "<group>"; };
/* End PBXFileReference section */

/* Begin PBXFrameworksBuildPhase section */
		3C44A06125A06B4D00FCC10A /* Frameworks */ = {
			isa = PBXFrameworksBuildPhase;
			buildActionMask = 2147483647;
			files = (
				BC16820EAE4574D0BACC7DA1 /* Pods_StudySwift.framework in Frameworks */,
			);
			runOnlyForDeploymentPostprocessing = 0;
		};
		3C44A07725A06B5000FCC10A /* Frameworks */ = {
			isa = PBXFrameworksBuildPhase;
			buildActionMask = 2147483647;
			files = (
				A11E4057A88E2820D9AEE575 /* Pods_StudySwiftTests.framework in Frameworks */,
			);
			runOnlyForDeploymentPostprocessing = 0;
		};
		3C44A08225A06B5000FCC10A /* Frameworks */ = {
			isa = PBXFrameworksBuildPhase;
			buildActionMask = 2147483647;
			files = (
				5DDEFC5C89B668B343496022 /* Pods_StudySwift_StudySwiftUITests.framework in Frameworks */,
			);
			runOnlyForDeploymentPostprocessing = 0;
		};
/* End PBXFrameworksBuildPhase section */

/* Begin PBXGroup section */
		3C27671025FA0304004E3987 /* Cacheable */ = {
			isa = PBXGroup;
			children = (
				3C27671125FA0304004E3987 /* Single+Cache.swift */,
				3C27671225FA0304004E3987 /* OnCache.swift */,
				3C27671325FA0304004E3987 /* Observable+Cache.swift */,
				3C27671425FA0304004E3987 /* CachingKey+Moya.swift */,
				3C27671525FA0304004E3987 /* TargetType+Cache.swift */,
			);
			path = Cacheable;
			sourceTree = "<group>";
		};
		3C27671625FA0304004E3987 /* Storable */ = {
			isa = PBXGroup;
			children = (
				3C27671725FA0304004E3987 /* Expirable.swift */,
				3C27671825FA0304004E3987 /* Expiry.swift */,
				3C27671925FA0304004E3987 /* Storable.swift */,
				3C27671A25FA0304004E3987 /* StoringKey.swift */,
			);
			path = Storable;
			sourceTree = "<group>";
		};
		3C27671B25FA0304004E3987 /* Map */ = {
			isa = PBXGroup;
			children = (
				3C27672825FA0319004E3987 /* Observable+Extension.swift */,
				3C27672D25FA07CB004E3987 /* ObservableType+ObjectMapper.swift */,
				3C27673225FA0828004E3987 /* Single+ObjectMapper.swift */,
				3C27673725FA087B004E3987 /* Response+ObjectMapper.swift */,
			);
			path = Map;
			sourceTree = "<group>";
		};
		3C27673E25FA0A71004E3987 /* RxReachability */ = {
			isa = PBXGroup;
			children = (
				3C27673F25FA0A71004E3987 /* Reachability.swift */,
				3C27674025FA0A71004E3987 /* Reachability+Rx.swift */,
				3C27674125FA0A71004E3987 /* ObservableType+Reachability.swift */,
			);
			path = RxReachability;
			sourceTree = "<group>";
		};
		3C27674225FA0A71004E3987 /* RxMJ */ = {
			isa = PBXGroup;
			children = (
				3C27674325FA0A71004E3987 /* Refresh.swift */,
				3C27674425FA0A71004E3987 /* MJRefreshComponent+Rx.swift */,
				3C27674525FA0A71004E3987 /* MJRefreshHeader+Rx.swift */,
				3C27674625FA0A71004E3987 /* MJRefreshFooter+Rx.swift */,
			);
			path = RxMJ;
			sourceTree = "<group>";
		};
		3C27675125FA0B41004E3987 /* RxBase */ = {
			isa = PBXGroup;
			children = (
				3C62C07125FB10C500EE3CF4 /* BaseViewController.swift */,
				3C62C07325FB10C500EE3CF4 /* CollectionViewController.swift */,
				3C62C07425FB10C500EE3CF4 /* NVActivityIndicatorView+Rx.swift */,
				3C62C07225FB10C500EE3CF4 /* RefreshViewModel.swift */,
				3C62C07725FB10C500EE3CF4 /* TableViewController.swift */,
				3C62C06F25FB10C400EE3CF4 /* UICollectionView+Rx.swift */,
				3C62C07025FB10C400EE3CF4 /* UITableView+Rx.swift */,
				3C62C07525FB10C500EE3CF4 /* UIViewController+Rx.swift */,
				3C62C07625FB10C500EE3CF4 /* ViewModel.swift */,
				3C62C06E25FB10C400EE3CF4 /* ViewModelable.swift */,
				3C27675525FA0C13004E3987 /* MapTo.swift */,
			);
			path = RxBase;
			sourceTree = "<group>";
		};
		3C44A05B25A06B4D00FCC10A = {
			isa = PBXGroup;
			children = (
				3C44A06625A06B4D00FCC10A /* StudySwift */,
				3C44A07D25A06B5000FCC10A /* StudySwiftTests */,
				3C44A08825A06B5000FCC10A /* StudySwiftUITests */,
				3C44A06525A06B4D00FCC10A /* Products */,
				B205A619E6FD943E4A8C7A0A /* Pods */,
				5E6F8A8C7C6628BB00D4D52F /* Frameworks */,
			);
			sourceTree = "<group>";
		};
		3C44A06525A06B4D00FCC10A /* Products */ = {
			isa = PBXGroup;
			children = (
				3C44A06425A06B4D00FCC10A /* StudySwift.app */,
				3C44A07A25A06B5000FCC10A /* StudySwiftTests.xctest */,
				3C44A08525A06B5000FCC10A /* StudySwiftUITests.xctest */,
			);
			name = Products;
			sourceTree = "<group>";
		};
		3C44A06625A06B4D00FCC10A /* StudySwift */ = {
			isa = PBXGroup;
			children = (
				3C44A11B25A073B700FCC10A /* R.generated.swift */,
				3C44A11125A0717200FCC10A /* SwiftBase */,
				3C44A0C025A06C2900FCC10A /* Discover */,
				3C44A0B625A06C2900FCC10A /* House */,
				3C44A0BB25A06C2900FCC10A /* Mine */,
				3C44A06725A06B4D00FCC10A /* AppDelegate.swift */,
				3C44A12025A0760000FCC10A /* TabBarViewController.swift */,
				3C44A07025A06B5000FCC10A /* Assets.xcassets */,
				3C44A07225A06B5000FCC10A /* LaunchScreen.storyboard */,
				3C44A07525A06B5000FCC10A /* Info.plist */,
			);
			path = StudySwift;
			sourceTree = "<group>";
		};
		3C44A07D25A06B5000FCC10A /* StudySwiftTests */ = {
			isa = PBXGroup;
			children = (
				3C44A07E25A06B5000FCC10A /* StudySwiftTests.swift */,
				3C44A08025A06B5000FCC10A /* Info.plist */,
			);
			path = StudySwiftTests;
			sourceTree = "<group>";
		};
		3C44A08825A06B5000FCC10A /* StudySwiftUITests */ = {
			isa = PBXGroup;
			children = (
				3C44A08925A06B5000FCC10A /* StudySwiftUITests.swift */,
				3C44A08B25A06B5000FCC10A /* Info.plist */,
			);
			path = StudySwiftUITests;
			sourceTree = "<group>";
		};
		3C44A0B625A06C2900FCC10A /* House */ = {
			isa = PBXGroup;
			children = (
				3C62C0D625FB32E200EE3CF4 /* Model */,
				3C44A0B725A06C2900FCC10A /* ViewModel */,
				3C44A0B825A06C2900FCC10A /* Controller */,
				3C44A0BA25A06C2900FCC10A /* View */,
				3C69DB8425C3F2A5008214C3 /* HouseRouter.swift */,
			);
			path = House;
			sourceTree = "<group>";
		};
		3C44A0B725A06C2900FCC10A /* ViewModel */ = {
			isa = PBXGroup;
			children = (
				3C62C08F25FB171B00EE3CF4 /* PopularViewModel.swift */,
			);
			path = ViewModel;
			sourceTree = "<group>";
		};
		3C44A0B825A06C2900FCC10A /* Controller */ = {
			isa = PBXGroup;
			children = (
				3C44A10225A0704600FCC10A /* HouseViewController.swift */,
			);
			path = Controller;
			sourceTree = "<group>";
		};
		3C44A0BA25A06C2900FCC10A /* View */ = {
			isa = PBXGroup;
			children = (
				3C62C0CE25FB327900EE3CF4 /* PopularCollectionViewCell.swift */,
			);
			path = View;
			sourceTree = "<group>";
		};
		3C44A0BB25A06C2900FCC10A /* Mine */ = {
			isa = PBXGroup;
			children = (
				3C44A0BC25A06C2900FCC10A /* ViewModel */,
				3C44A0BD25A06C2900FCC10A /* Controller */,
				3C44A0BE25A06C2900FCC10A /* Model */,
				3C44A0BF25A06C2900FCC10A /* View */,
			);
			path = Mine;
			sourceTree = "<group>";
		};
		3C44A0BC25A06C2900FCC10A /* ViewModel */ = {
			isa = PBXGroup;
			children = (
			);
			path = ViewModel;
			sourceTree = "<group>";
		};
		3C44A0BD25A06C2900FCC10A /* Controller */ = {
			isa = PBXGroup;
			children = (
				3C636103260DE13700CDAA6B /* UtilityOperators */,
				3C6360FA260DC90D00CDAA6B /* Connectable */,
				3C6360F1260DC68600CDAA6B /* MathematicalAggregateOperators */,
				3C6360E8260DC34400CDAA6B /* Combining */,
				3C6360DF260DC1A900CDAA6B /* ConditionalBooleanOperators */,
				3C6360D6260DBA4300CDAA6B /* Filtering */,
				3C8B99EC260B34FF00C8BD0B /* Transforming */,
				3C4C25A726032078006EBB5F /* Subjects */,
				3C63905C2601990F00473B22 /* UIEx */,
				3C639053260192AB00473B22 /* Bind */,
				3C670A41260044F30083B722 /* Dispose */,
				3C670A38260039650083B722 /* DoOn */,
				3C671C7625FF688F00E992F1 /* Subscribe */,
				3C671C6D25FEF52300E992F1 /* Observable */,
				3C44A10C25A0706B00FCC10A /* MineViewController.swift */,
			);
			path = Controller;
			sourceTree = "<group>";
		};
		3C44A0BE25A06C2900FCC10A /* Model */ = {
			isa = PBXGroup;
			children = (
				3C671C6825FEEED800E992F1 /* DataModel.swift */,
			);
			path = Model;
			sourceTree = "<group>";
		};
		3C44A0BF25A06C2900FCC10A /* View */ = {
			isa = PBXGroup;
			children = (
			);
			path = View;
			sourceTree = "<group>";
		};
		3C44A0C025A06C2900FCC10A /* Discover */ = {
			isa = PBXGroup;
			children = (
				3C44A0C125A06C2900FCC10A /* ViewModel */,
				3C44A0C225A06C2900FCC10A /* Controller */,
				3C44A0C325A06C2900FCC10A /* Model */,
				3C44A0C425A06C2900FCC10A /* View */,
			);
			path = Discover;
			sourceTree = "<group>";
		};
		3C44A0C125A06C2900FCC10A /* ViewModel */ = {
			isa = PBXGroup;
			children = (
			);
			path = ViewModel;
			sourceTree = "<group>";
		};
		3C44A0C225A06C2900FCC10A /* Controller */ = {
			isa = PBXGroup;
			children = (
				3C44A10725A0705500FCC10A /* DiscoverViewController.swift */,
			);
			path = Controller;
			sourceTree = "<group>";
		};
		3C44A0C325A06C2900FCC10A /* Model */ = {
			isa = PBXGroup;
			children = (
			);
			path = Model;
			sourceTree = "<group>";
		};
		3C44A0C425A06C2900FCC10A /* View */ = {
			isa = PBXGroup;
			children = (
			);
			path = View;
			sourceTree = "<group>";
		};
		3C44A11125A0717200FCC10A /* SwiftBase */ = {
			isa = PBXGroup;
			children = (
				3C27675125FA0B41004E3987 /* RxBase */,
				3C6B804F25F4D8DD00FBCF9F /* Tool */,
				3C6B803725F4CEFA00FBCF9F /* Network */,
				3C64954225C2B1FF00EDE84F /* Expand */,
				3C64951825C29B5A00EDE84F /* Util */,
				3C7B59E925A1C319006DD208 /* Router */,
				3C44A11225A0717200FCC10A /* Common */,
				3C44A11325A0717200FCC10A /* Base */,
			);
			path = SwiftBase;
			sourceTree = "<group>";
		};
		3C44A11225A0717200FCC10A /* Common */ = {
			isa = PBXGroup;
			children = (
				3C53792825AAD46F00BF7C25 /* StudySwift-Bridging-Header.h */,
				3C66357B25EDEA9E00C16D15 /* CountDown.swift */,
				3C8451B225EE086200D958FD /* PlaceholderTextView.swift */,
				3C8451B725EE0A1900D958FD /* RegexHelper.swift */,
			);
			path = Common;
			sourceTree = "<group>";
		};
		3C44A11325A0717200FCC10A /* Base */ = {
			isa = PBXGroup;
			children = (
				3C52CA8F25ECE32B00913CC7 /* BaseNavigationController.swift */,
				3C27665D25F9E69E004E3987 /* BaseResponseModel.swift */,
				3C27670525F9FFC4004E3987 /* BaseResponseModelArray.swift */,
			);
			path = Base;
			sourceTree = "<group>";
		};
		3C4C25A726032078006EBB5F /* Subjects */ = {
			isa = PBXGroup;
			children = (
				3C4C25A826032094006EBB5F /* SubjectsViewController.swift */,
			);
			path = Subjects;
			sourceTree = "<group>";
		};
		3C62C0D625FB32E200EE3CF4 /* Model */ = {
			isa = PBXGroup;
			children = (
				3C62C10925FB372400EE3CF4 /* HomePopularData.swift */,
				3C62C0FC25FB363900EE3CF4 /* HomePopularRootClass.swift */,
				3C62C0F725FB358C00EE3CF4 /* HomePopularShareTargetEntry.swift */,
				3C62C0F225FB358400EE3CF4 /* HomePopularSampleComment.swift */,
				3C62C0D725FB32E200EE3CF4 /* HomePopularEntry.swift */,
				3C62C0D825FB32E200EE3CF4 /* HomePopularAuthor.swift */,
				3C62C0D925FB32E200EE3CF4 /* HomePopularMeta.swift */,
				3C62C0DA25FB32E200EE3CF4 /* HomePopularLikeStatistic.swift */,
				3C62C0DB25FB32E200EE3CF4 /* HomePopularItem.swift */,
				3C62C0DC25FB32E200EE3CF4 /* HomePopularPayload.swift */,
				3C62C0DD25FB32E200EE3CF4 /* HomePopularGeoChannel.swift */,
				3C62C0DE25FB32E200EE3CF4 /* HomePopularExpansion.swift */,
			);
			path = Model;
			sourceTree = "<group>";
		};
		3C62C15825FB6F9600EE3CF4 /* MBProgress */ = {
			isa = PBXGroup;
			children = (
				3C62C15925FB6F9600EE3CF4 /* HUD+UIView.swift */,
				3C62C15A25FB6F9600EE3CF4 /* HUD.swift */,
			);
			path = MBProgress;
			sourceTree = "<group>";
		};
		3C6360D6260DBA4300CDAA6B /* Filtering */ = {
			isa = PBXGroup;
			children = (
				3C6360D7260DBA5500CDAA6B /* FilteringViewController.swift */,
			);
			path = Filtering;
			sourceTree = "<group>";
		};
		3C6360DF260DC1A900CDAA6B /* ConditionalBooleanOperators */ = {
			isa = PBXGroup;
			children = (
				3C6360E0260DC1B300CDAA6B /* ConditionalBooleanOperatorsViewController.swift */,
			);
			path = ConditionalBooleanOperators;
			sourceTree = "<group>";
		};
		3C6360E8260DC34400CDAA6B /* Combining */ = {
			isa = PBXGroup;
			children = (
				3C6360E9260DC3DA00CDAA6B /* CombiningViewController.swift */,
			);
			path = Combining;
			sourceTree = "<group>";
		};
		3C6360F1260DC68600CDAA6B /* MathematicalAggregateOperators */ = {
			isa = PBXGroup;
			children = (
				3C6360F2260DC69300CDAA6B /* MathematicalAggregateOperatorsViewController.swift */,
			);
			path = MathematicalAggregateOperators;
			sourceTree = "<group>";
		};
		3C6360FA260DC90D00CDAA6B /* Connectable */ = {
			isa = PBXGroup;
			children = (
				3C6360FB260DC91800CDAA6B /* ConnectableViewController.swift */,
			);
			path = Connectable;
			sourceTree = "<group>";
		};
		3C636103260DE13700CDAA6B /* UtilityOperators */ = {
			isa = PBXGroup;
			children = (
				3C636104260DE34800CDAA6B /* UtilityOperatorsViewController.swift */,
			);
			path = UtilityOperators;
			sourceTree = "<group>";
		};
		3C639053260192AB00473B22 /* Bind */ = {
			isa = PBXGroup;
			children = (
				3C639054260192D100473B22 /* BindViewController.swift */,
			);
			path = Bind;
			sourceTree = "<group>";
		};
		3C63905C2601990F00473B22 /* UIEx */ = {
			isa = PBXGroup;
			children = (
				3C63905D2601997A00473B22 /* UIExtensionViewController.swift */,
			);
			path = UIEx;
			sourceTree = "<group>";
		};
		3C64951825C29B5A00EDE84F /* Util */ = {
			isa = PBXGroup;
			children = (
				3C62C15825FB6F9600EE3CF4 /* MBProgress */,
				3C64951925C29B5A00EDE84F /* Core */,
			);
			path = Util;
			sourceTree = "<group>";
		};
		3C64951925C29B5A00EDE84F /* Core */ = {
			isa = PBXGroup;
			children = (
				3C64951A25C29B6600EDE84F /* UtilCoreNavigatorMap.swift */,
				3C64954B25C2B53700EDE84F /* UtilCore.swift */,
			);
			path = Core;
			sourceTree = "<group>";
		};
		3C64954225C2B1FF00EDE84F /* Expand */ = {
			isa = PBXGroup;
			children = (
				3C64954325C2B21900EDE84F /* KrToastExtensions.swift */,
				3C66356225EDE24700C16D15 /* KrUIColorExtensions.swift */,
				3C66356725EDE31200C16D15 /* KrArrayExtensions.swift */,
				3C66356C25EDE44E00C16D15 /* KrUIViewExtensions.swift */,
				3C66357125EDE5F900C16D15 /* KrStringExtensions.swift */,
				3C66357625EDE9F800C16D15 /* KrUIButtonExtensions.swift */,
				3C66358025EE00D900C16D15 /* KrDeviceExtensions.swift */,
				3C66358525EE025E00C16D15 /* KrUILabelExtensions.swift */,
				3C66358A25EE033F00C16D15 /* KrOptionalExtensions.swift */,
				3C8451BC25EE0B5700D958FD /* KrUITextFieldExtensions.swift */,
				3C8451C125EE0E2D00D958FD /* KrDateExtensions.swift */,
				3C84520725EE16AA00D958FD /* KrUIImageExtensions.swift */,
				3C84520C25EE17C600D958FD /* KrDoubleExtensions.swift */,
				3C84521125EE182500D958FD /* KrCLLocationCoordinate2DExtensions.swift */,
				3C84521925EE18AF00D958FD /* KrUITapGestureRecognizerExtensions.swift */,
				3C8452B825EE1B3C00D958FD /* KrRuntimeExtensions.swift */,
				3C8452F425EE1D9500D958FD /* KrURLExtensions.swift */,
				3C8452F925EE1DC300D958FD /* KrUIAlertControllerExtensions.swift */,
				3C8452FE25EE1E0000D958FD /* KrUIControlExtensions.swift */,
				3C84530325EE1E3400D958FD /* KrDispatchExtensions.swift */,
				3C84530825EE1E7400D958FD /* KrBundleExtensions.swift */,
				3C84530D25EE1FB300D958FD /* KrDictionaryExtensions.swift */,
				3C84531C25EE218300D958FD /* KrDataExtensions.swift */,
			);
			path = Expand;
			sourceTree = "<group>";
		};
		3C670A38260039650083B722 /* DoOn */ = {
			isa = PBXGroup;
			children = (
				3C670A39260039960083B722 /* DoOnViewController.swift */,
			);
			path = DoOn;
			sourceTree = "<group>";
		};
		3C670A41260044F30083B722 /* Dispose */ = {
			isa = PBXGroup;
			children = (
				3C670A42260045090083B722 /* DisposeViewController.swift */,
			);
			path = Dispose;
			sourceTree = "<group>";
		};
		3C671C6D25FEF52300E992F1 /* Observable */ = {
			isa = PBXGroup;
			children = (
				3C671C6E25FEF53400E992F1 /* ObservableViewController.swift */,
			);
			path = Observable;
			sourceTree = "<group>";
		};
		3C671C7625FF688F00E992F1 /* Subscribe */ = {
			isa = PBXGroup;
			children = (
				3C671C7725FF68CD00E992F1 /* SubscribeViewController.swift */,
			);
			path = Subscribe;
			sourceTree = "<group>";
		};
		3C6B803725F4CEFA00FBCF9F /* Network */ = {
			isa = PBXGroup;
			children = (
				3C27674225FA0A71004E3987 /* RxMJ */,
				3C27673E25FA0A71004E3987 /* RxReachability */,
				3C27671025FA0304004E3987 /* Cacheable */,
				3C27671B25FA0304004E3987 /* Map */,
				3C27671625FA0304004E3987 /* Storable */,
				3C6B804625F4D69B00FBCF9F /* Configuration */,
				3C6B803825F4CF3F00FBCF9F /* Provider */,
			);
			path = Network;
			sourceTree = "<group>";
		};
		3C6B803825F4CF3F00FBCF9F /* Provider */ = {
			isa = PBXGroup;
			children = (
				3C6B803925F4D38600FBCF9F /* ApiType.swift */,
				3C6B804125F4D57600FBCF9F /* Macros.swift */,
				3C27670A25F9FFEB004E3987 /* FileApi.swift */,
				3C62C10125FB367E00EE3CF4 /* HomeApi.swift */,
			);
			path = Provider;
			sourceTree = "<group>";
		};
		3C6B804625F4D69B00FBCF9F /* Configuration */ = {
			isa = PBXGroup;
			children = (
				3C6B804725F4D6B200FBCF9F /* NetworkPlugin.swift */,
				3C27666225F9F664004E3987 /* Network.swift */,
				3C27666725F9F9F2004E3987 /* Configuration.swift */,
				3C27666C25F9FDCC004E3987 /* TargetType+Rx.swift */,
				3C27668825F9FE4D004E3987 /* Network+Cache.swift */,
			);
			path = Configuration;
			sourceTree = "<group>";
		};
		3C6B804F25F4D8DD00FBCF9F /* Tool */ = {
			isa = PBXGroup;
			children = (
				3C62C0C925FB31F400EE3CF4 /* WaterfallMutiSectionDelegate.swift */,
				3C62C08525FB127200EE3CF4 /* ActivityIndicator.swift */,
				3C62C08A25FB128000EE3CF4 /* ErrorTracker.swift */,
				3C6B805025F4D8F700FBCF9F /* Logger.swift */,
				3C62C10E25FB378D00EE3CF4 /* Then.swift */,
			);
			path = Tool;
			sourceTree = "<group>";
		};
		3C7B59E925A1C319006DD208 /* Router */ = {
			isa = PBXGroup;
			children = (
				3C7B59EA25A1C334006DD208 /* AppRouter.swift */,
			);
			path = Router;
			sourceTree = "<group>";
		};
		3C8B99EC260B34FF00C8BD0B /* Transforming */ = {
			isa = PBXGroup;
			children = (
				3C8B99ED260B351E00C8BD0B /* TransformingViewController.swift */,
			);
			path = Transforming;
			sourceTree = "<group>";
		};
		5E6F8A8C7C6628BB00D4D52F /* Frameworks */ = {
			isa = PBXGroup;
			children = (
				9CAC62526D955A1CD8872F7C /* Pods_StudySwift.framework */,
				290DDB2ED124A78DC1463DDF /* Pods_StudySwift_StudySwiftUITests.framework */,
				816ACBD7631E6819133313D2 /* Pods_StudySwiftTests.framework */,
			);
			name = Frameworks;
			sourceTree = "<group>";
		};
		B205A619E6FD943E4A8C7A0A /* Pods */ = {
			isa = PBXGroup;
			children = (
				08BAB22936DF9A1F177E5B7C /* Pods-StudySwift.debug.xcconfig */,
				6CC32B124E2CD1DBC9DCF376 /* Pods-StudySwift.release.xcconfig */,
				264199CEC350F00758F9F1A5 /* Pods-StudySwift-StudySwiftUITests.debug.xcconfig */,
				329EE9033DAB1893801AA7FE /* Pods-StudySwift-StudySwiftUITests.release.xcconfig */,
				F6932082149CF58CD2CD5B7B /* Pods-StudySwiftTests.debug.xcconfig */,
				2B1850DC258F8326080DA9B9 /* Pods-StudySwiftTests.release.xcconfig */,
			);
			path = Pods;
			sourceTree = "<group>";
		};
/* End PBXGroup section */

/* Begin PBXNativeTarget section */
		3C44A06325A06B4D00FCC10A /* StudySwift */ = {
			isa = PBXNativeTarget;
			buildConfigurationList = 3C44A08E25A06B5000FCC10A /* Build configuration list for PBXNativeTarget "StudySwift" */;
			buildPhases = (
				A055C13C2F4239D50285A3DE /* [CP] Check Pods Manifest.lock */,
				3C44A11425A072E300FCC10A /* ShellScript */,
				3C44A06025A06B4D00FCC10A /* Sources */,
				3C44A06125A06B4D00FCC10A /* Frameworks */,
				3C44A06225A06B4D00FCC10A /* Resources */,
				9278C66C67ADDE7E3DB7A0A2 /* [CP] Embed Pods Frameworks */,
			);
			buildRules = (
			);
			dependencies = (
			);
			name = StudySwift;
			productName = StudySwift;
			productReference = 3C44A06425A06B4D00FCC10A /* StudySwift.app */;
			productType = "com.apple.product-type.application";
		};
		3C44A07925A06B5000FCC10A /* StudySwiftTests */ = {
			isa = PBXNativeTarget;
			buildConfigurationList = 3C44A09125A06B5000FCC10A /* Build configuration list for PBXNativeTarget "StudySwiftTests" */;
			buildPhases = (
				7EC804EC86E52CB175EBF15E /* [CP] Check Pods Manifest.lock */,
				3C44A07625A06B5000FCC10A /* Sources */,
				3C44A07725A06B5000FCC10A /* Frameworks */,
				3C44A07825A06B5000FCC10A /* Resources */,
			);
			buildRules = (
			);
			dependencies = (
				3C44A07C25A06B5000FCC10A /* PBXTargetDependency */,
			);
			name = StudySwiftTests;
			productName = StudySwiftTests;
			productReference = 3C44A07A25A06B5000FCC10A /* StudySwiftTests.xctest */;
			productType = "com.apple.product-type.bundle.unit-test";
		};
		3C44A08425A06B5000FCC10A /* StudySwiftUITests */ = {
			isa = PBXNativeTarget;
			buildConfigurationList = 3C44A09425A06B5000FCC10A /* Build configuration list for PBXNativeTarget "StudySwiftUITests" */;
			buildPhases = (
				C56CD96A6B253419AEC47DFD /* [CP] Check Pods Manifest.lock */,
				3C44A08125A06B5000FCC10A /* Sources */,
				3C44A08225A06B5000FCC10A /* Frameworks */,
				3C44A08325A06B5000FCC10A /* Resources */,
				64E3531C64F7B5FD62791AA3 /* [CP] Embed Pods Frameworks */,
			);
			buildRules = (
			);
			dependencies = (
				3C44A08725A06B5000FCC10A /* PBXTargetDependency */,
			);
			name = StudySwiftUITests;
			productName = StudySwiftUITests;
			productReference = 3C44A08525A06B5000FCC10A /* StudySwiftUITests.xctest */;
			productType = "com.apple.product-type.bundle.ui-testing";
		};
/* End PBXNativeTarget section */

/* Begin PBXProject section */
		3C44A05C25A06B4D00FCC10A /* Project object */ = {
			isa = PBXProject;
			attributes = {
				LastSwiftUpdateCheck = 1200;
				LastUpgradeCheck = 1200;
				TargetAttributes = {
					3C44A06325A06B4D00FCC10A = {
						CreatedOnToolsVersion = 12.0.1;
						LastSwiftMigration = 1200;
					};
					3C44A07925A06B5000FCC10A = {
						CreatedOnToolsVersion = 12.0.1;
						TestTargetID = 3C44A06325A06B4D00FCC10A;
					};
					3C44A08425A06B5000FCC10A = {
						CreatedOnToolsVersion = 12.0.1;
						TestTargetID = 3C44A06325A06B4D00FCC10A;
					};
				};
			};
			buildConfigurationList = 3C44A05F25A06B4D00FCC10A /* Build configuration list for PBXProject "StudySwift" */;
			compatibilityVersion = "Xcode 9.3";
			developmentRegion = en;
			hasScannedForEncodings = 0;
			knownRegions = (
				en,
				Base,
			);
			mainGroup = 3C44A05B25A06B4D00FCC10A;
			productRefGroup = 3C44A06525A06B4D00FCC10A /* Products */;
			projectDirPath = "";
			projectRoot = "";
			targets = (
				3C44A06325A06B4D00FCC10A /* StudySwift */,
				3C44A07925A06B5000FCC10A /* StudySwiftTests */,
				3C44A08425A06B5000FCC10A /* StudySwiftUITests */,
			);
		};
/* End PBXProject section */

/* Begin PBXResourcesBuildPhase section */
		3C44A06225A06B4D00FCC10A /* Resources */ = {
			isa = PBXResourcesBuildPhase;
			buildActionMask = 2147483647;
			files = (
				3C44A07425A06B5000FCC10A /* LaunchScreen.storyboard in Resources */,
				3C44A07125A06B5000FCC10A /* Assets.xcassets in Resources */,
			);
			runOnlyForDeploymentPostprocessing = 0;
		};
		3C44A07825A06B5000FCC10A /* Resources */ = {
			isa = PBXResourcesBuildPhase;
			buildActionMask = 2147483647;
			files = (
			);
			runOnlyForDeploymentPostprocessing = 0;
		};
		3C44A08325A06B5000FCC10A /* Resources */ = {
			isa = PBXResourcesBuildPhase;
			buildActionMask = 2147483647;
			files = (
			);
			runOnlyForDeploymentPostprocessing = 0;
		};
/* End PBXResourcesBuildPhase section */

/* Begin PBXShellScriptBuildPhase section */
		3C44A11425A072E300FCC10A /* ShellScript */ = {
			isa = PBXShellScriptBuildPhase;
			buildActionMask = 2147483647;
			files = (
			);
			inputFileListPaths = (
			);
			inputPaths = (
				"$TEMP_DIR/rswift-lastrun",
			);
			outputFileListPaths = (
			);
			outputPaths = (
				$SRCROOT/R.generated.swift,
			);
			runOnlyForDeploymentPostprocessing = 0;
			shellPath = /bin/sh;
			shellScript = "# Type a script or drag a script file from your workspace to insert its path.\n\"$PODS_ROOT/R.swift/rswift\" generate \"$SRCROOT/R.generated.swift\"\n\n";
		};
		64E3531C64F7B5FD62791AA3 /* [CP] Embed Pods Frameworks */ = {
			isa = PBXShellScriptBuildPhase;
			buildActionMask = 2147483647;
			files = (
			);
			inputFileListPaths = (
				"${PODS_ROOT}/Target Support Files/Pods-StudySwift-StudySwiftUITests/Pods-StudySwift-StudySwiftUITests-frameworks-${CONFIGURATION}-input-files.xcfilelist",
			);
			name = "[CP] Embed Pods Frameworks";
			outputFileListPaths = (
				"${PODS_ROOT}/Target Support Files/Pods-StudySwift-StudySwiftUITests/Pods-StudySwift-StudySwiftUITests-frameworks-${CONFIGURATION}-output-files.xcfilelist",
			);
			runOnlyForDeploymentPostprocessing = 0;
			shellPath = /bin/sh;
			shellScript = "\"${PODS_ROOT}/Target Support Files/Pods-StudySwift-StudySwiftUITests/Pods-StudySwift-StudySwiftUITests-frameworks.sh\"\n";
			showEnvVarsInLog = 0;
		};
		7EC804EC86E52CB175EBF15E /* [CP] Check Pods Manifest.lock */ = {
			isa = PBXShellScriptBuildPhase;
			buildActionMask = 2147483647;
			files = (
			);
			inputFileListPaths = (
			);
			inputPaths = (
				"${PODS_PODFILE_DIR_PATH}/Podfile.lock",
				"${PODS_ROOT}/Manifest.lock",
			);
			name = "[CP] Check Pods Manifest.lock";
			outputFileListPaths = (
			);
			outputPaths = (
				"$(DERIVED_FILE_DIR)/Pods-StudySwiftTests-checkManifestLockResult.txt",
			);
			runOnlyForDeploymentPostprocessing = 0;
			shellPath = /bin/sh;
			shellScript = "diff \"${PODS_PODFILE_DIR_PATH}/Podfile.lock\" \"${PODS_ROOT}/Manifest.lock\" > /dev/null\nif [ $? != 0 ] ; then\n    # print error to STDERR\n    echo \"error: The sandbox is not in sync with the Podfile.lock. Run 'pod install' or update your CocoaPods installation.\" >&2\n    exit 1\nfi\n# This output is used by Xcode 'outputs' to avoid re-running this script phase.\necho \"SUCCESS\" > \"${SCRIPT_OUTPUT_FILE_0}\"\n";
			showEnvVarsInLog = 0;
		};
		9278C66C67ADDE7E3DB7A0A2 /* [CP] Embed Pods Frameworks */ = {
			isa = PBXShellScriptBuildPhase;
			buildActionMask = 2147483647;
			files = (
			);
			inputFileListPaths = (
				"${PODS_ROOT}/Target Support Files/Pods-StudySwift/Pods-StudySwift-frameworks-${CONFIGURATION}-input-files.xcfilelist",
			);
			name = "[CP] Embed Pods Frameworks";
			outputFileListPaths = (
				"${PODS_ROOT}/Target Support Files/Pods-StudySwift/Pods-StudySwift-frameworks-${CONFIGURATION}-output-files.xcfilelist",
			);
			runOnlyForDeploymentPostprocessing = 0;
			shellPath = /bin/sh;
			shellScript = "\"${PODS_ROOT}/Target Support Files/Pods-StudySwift/Pods-StudySwift-frameworks.sh\"\n";
			showEnvVarsInLog = 0;
		};
		A055C13C2F4239D50285A3DE /* [CP] Check Pods Manifest.lock */ = {
			isa = PBXShellScriptBuildPhase;
			buildActionMask = 2147483647;
			files = (
			);
			inputFileListPaths = (
			);
			inputPaths = (
				"${PODS_PODFILE_DIR_PATH}/Podfile.lock",
				"${PODS_ROOT}/Manifest.lock",
			);
			name = "[CP] Check Pods Manifest.lock";
			outputFileListPaths = (
			);
			outputPaths = (
				"$(DERIVED_FILE_DIR)/Pods-StudySwift-checkManifestLockResult.txt",
			);
			runOnlyForDeploymentPostprocessing = 0;
			shellPath = /bin/sh;
			shellScript = "diff \"${PODS_PODFILE_DIR_PATH}/Podfile.lock\" \"${PODS_ROOT}/Manifest.lock\" > /dev/null\nif [ $? != 0 ] ; then\n    # print error to STDERR\n    echo \"error: The sandbox is not in sync with the Podfile.lock. Run 'pod install' or update your CocoaPods installation.\" >&2\n    exit 1\nfi\n# This output is used by Xcode 'outputs' to avoid re-running this script phase.\necho \"SUCCESS\" > \"${SCRIPT_OUTPUT_FILE_0}\"\n";
			showEnvVarsInLog = 0;
		};
		C56CD96A6B253419AEC47DFD /* [CP] Check Pods Manifest.lock */ = {
			isa = PBXShellScriptBuildPhase;
			buildActionMask = 2147483647;
			files = (
			);
			inputFileListPaths = (
			);
			inputPaths = (
				"${PODS_PODFILE_DIR_PATH}/Podfile.lock",
				"${PODS_ROOT}/Manifest.lock",
			);
			name = "[CP] Check Pods Manifest.lock";
			outputFileListPaths = (
			);
			outputPaths = (
				"$(DERIVED_FILE_DIR)/Pods-StudySwift-StudySwiftUITests-checkManifestLockResult.txt",
			);
			runOnlyForDeploymentPostprocessing = 0;
			shellPath = /bin/sh;
			shellScript = "diff \"${PODS_PODFILE_DIR_PATH}/Podfile.lock\" \"${PODS_ROOT}/Manifest.lock\" > /dev/null\nif [ $? != 0 ] ; then\n    # print error to STDERR\n    echo \"error: The sandbox is not in sync with the Podfile.lock. Run 'pod install' or update your CocoaPods installation.\" >&2\n    exit 1\nfi\n# This output is used by Xcode 'outputs' to avoid re-running this script phase.\necho \"SUCCESS\" > \"${SCRIPT_OUTPUT_FILE_0}\"\n";
			showEnvVarsInLog = 0;
		};
/* End PBXShellScriptBuildPhase section */

/* Begin PBXSourcesBuildPhase section */
		3C44A06025A06B4D00FCC10A /* Sources */ = {
			isa = PBXSourcesBuildPhase;
			buildActionMask = 2147483647;
			files = (
				3C66356D25EDE44E00C16D15 /* KrUIViewExtensions.swift in Sources */,
				3C62C0E125FB32E200EE3CF4 /* HomePopularMeta.swift in Sources */,
				3C27673325FA0828004E3987 /* Single+ObjectMapper.swift in Sources */,
				3C8451BD25EE0B5700D958FD /* KrUITextFieldExtensions.swift in Sources */,
				3C52CA9025ECE32B00913CC7 /* BaseNavigationController.swift in Sources */,
				3C62C0E325FB32E200EE3CF4 /* HomePopularItem.swift in Sources */,
				3C27671F25FA0304004E3987 /* CachingKey+Moya.swift in Sources */,
				3C27671C25FA0304004E3987 /* Single+Cache.swift in Sources */,
				3C6360E1260DC1B300CDAA6B /* ConditionalBooleanOperatorsViewController.swift in Sources */,
				3C8B99EE260B351E00C8BD0B /* TransformingViewController.swift in Sources */,
				3C84521225EE182500D958FD /* KrCLLocationCoordinate2DExtensions.swift in Sources */,
				3C84520D25EE17C600D958FD /* KrDoubleExtensions.swift in Sources */,
				3C62C0E625FB32E200EE3CF4 /* HomePopularExpansion.swift in Sources */,
				3C64951B25C29B6600EDE84F /* UtilCoreNavigatorMap.swift in Sources */,
				3C27671D25FA0304004E3987 /* OnCache.swift in Sources */,
				3C27674C25FA0A71004E3987 /* MJRefreshHeader+Rx.swift in Sources */,
				3C27673825FA087B004E3987 /* Response+ObjectMapper.swift in Sources */,
				3C66358125EE00D900C16D15 /* KrDeviceExtensions.swift in Sources */,
				3C27674D25FA0A71004E3987 /* MJRefreshFooter+Rx.swift in Sources */,
				3C69DB8525C3F2A5008214C3 /* HouseRouter.swift in Sources */,
				3C62C08125FB10C500EE3CF4 /* TableViewController.swift in Sources */,
				3C62C07B25FB10C500EE3CF4 /* BaseViewController.swift in Sources */,
				3C27670B25F9FFEB004E3987 /* FileApi.swift in Sources */,
				3C62C15C25FB6F9700EE3CF4 /* HUD.swift in Sources */,
				3C62C09025FB171B00EE3CF4 /* PopularViewModel.swift in Sources */,
				3C66357225EDE5F900C16D15 /* KrStringExtensions.swift in Sources */,
				3C62C0CA25FB31F400EE3CF4 /* WaterfallMutiSectionDelegate.swift in Sources */,
				3C44A06825A06B4D00FCC10A /* AppDelegate.swift in Sources */,
				3C27666825F9F9F2004E3987 /* Configuration.swift in Sources */,
				3C62C07F25FB10C500EE3CF4 /* UIViewController+Rx.swift in Sources */,
				3C8452B925EE1B3C00D958FD /* KrRuntimeExtensions.swift in Sources */,
				3C27674725FA0A71004E3987 /* Reachability.swift in Sources */,
				3C27675625FA0C13004E3987 /* MapTo.swift in Sources */,
				3C6360F3260DC69300CDAA6B /* MathematicalAggregateOperatorsViewController.swift in Sources */,
				3C62C07825FB10C500EE3CF4 /* ViewModelable.swift in Sources */,
				3C84530E25EE1FB300D958FD /* KrDictionaryExtensions.swift in Sources */,
				3C44A10325A0704600FCC10A /* HouseViewController.swift in Sources */,
				3C62C10225FB367E00EE3CF4 /* HomeApi.swift in Sources */,
				3C27672125FA0304004E3987 /* Expirable.swift in Sources */,
				3C62C0F825FB358C00EE3CF4 /* HomePopularShareTargetEntry.swift in Sources */,
				3C27674B25FA0A71004E3987 /* MJRefreshComponent+Rx.swift in Sources */,
				3C84520825EE16AA00D958FD /* KrUIImageExtensions.swift in Sources */,
				3C27668925F9FE4D004E3987 /* Network+Cache.swift in Sources */,
				3C62C15B25FB6F9700EE3CF4 /* HUD+UIView.swift in Sources */,
				3C4C25A926032094006EBB5F /* SubjectsViewController.swift in Sources */,
				3C27672225FA0304004E3987 /* Expiry.swift in Sources */,
				3C66357725EDE9F800C16D15 /* KrUIButtonExtensions.swift in Sources */,
				3C27665E25F9E69E004E3987 /* BaseResponseModel.swift in Sources */,
				3C62C0E425FB32E200EE3CF4 /* HomePopularPayload.swift in Sources */,
				3C6B804825F4D6B200FBCF9F /* NetworkPlugin.swift in Sources */,
				3C8452FF25EE1E0000D958FD /* KrUIControlExtensions.swift in Sources */,
				3C27674925FA0A71004E3987 /* ObservableType+Reachability.swift in Sources */,
				3C670A43260045090083B722 /* DisposeViewController.swift in Sources */,
				3C671C7825FF68CD00E992F1 /* SubscribeViewController.swift in Sources */,
				3C8451B325EE086200D958FD /* PlaceholderTextView.swift in Sources */,
				3C62C0E225FB32E200EE3CF4 /* HomePopularLikeStatistic.swift in Sources */,
				3C62C0DF25FB32E200EE3CF4 /* HomePopularEntry.swift in Sources */,
				3C6360FC260DC91800CDAA6B /* ConnectableViewController.swift in Sources */,
				3C27671E25FA0304004E3987 /* Observable+Cache.swift in Sources */,
				3C8452F525EE1D9500D958FD /* KrURLExtensions.swift in Sources */,
				3C6360D8260DBA5500CDAA6B /* FilteringViewController.swift in Sources */,
				3C27672325FA0304004E3987 /* Storable.swift in Sources */,
				3C62C0E025FB32E200EE3CF4 /* HomePopularAuthor.swift in Sources */,
				3C636105260DE34800CDAA6B /* UtilityOperatorsViewController.swift in Sources */,
				3C6360EA260DC3DA00CDAA6B /* CombiningViewController.swift in Sources */,
				3C84530425EE1E3400D958FD /* KrDispatchExtensions.swift in Sources */,
				3C6B805125F4D8F700FBCF9F /* Logger.swift in Sources */,
				3C8451C225EE0E2D00D958FD /* KrDateExtensions.swift in Sources */,
				3C6B803A25F4D38600FBCF9F /* ApiType.swift in Sources */,
				3C27672925FA0319004E3987 /* Observable+Extension.swift in Sources */,
				3C44A10825A0705500FCC10A /* DiscoverViewController.swift in Sources */,
				3C62C07A25FB10C500EE3CF4 /* UITableView+Rx.swift in Sources */,
				3C62C08B25FB128000EE3CF4 /* ErrorTracker.swift in Sources */,
				3C671C6925FEEED800E992F1 /* DataModel.swift in Sources */,
				3C27670625F9FFC4004E3987 /* BaseResponseModelArray.swift in Sources */,
				3C63905E2601997A00473B22 /* UIExtensionViewController.swift in Sources */,
				3C639055260192D100473B22 /* BindViewController.swift in Sources */,
				3C62C10F25FB378D00EE3CF4 /* Then.swift in Sources */,
				3C8452FA25EE1DC300D958FD /* KrUIAlertControllerExtensions.swift in Sources */,
				3C84531D25EE218300D958FD /* KrDataExtensions.swift in Sources */,
				3C62C10A25FB372400EE3CF4 /* HomePopularData.swift in Sources */,
				3C62C07E25FB10C500EE3CF4 /* NVActivityIndicatorView+Rx.swift in Sources */,
				3C62C0F325FB358400EE3CF4 /* HomePopularSampleComment.swift in Sources */,
				3C66356325EDE24700C16D15 /* KrUIColorExtensions.swift in Sources */,
				3C27672025FA0304004E3987 /* TargetType+Cache.swift in Sources */,
				3C670A3A260039960083B722 /* DoOnViewController.swift in Sources */,
				3C62C0E525FB32E200EE3CF4 /* HomePopularGeoChannel.swift in Sources */,
				3C62C07925FB10C500EE3CF4 /* UICollectionView+Rx.swift in Sources */,
				3C27672E25FA07CB004E3987 /* ObservableType+ObjectMapper.swift in Sources */,
				3C27666D25F9FDCC004E3987 /* TargetType+Rx.swift in Sources */,
				3C27674825FA0A71004E3987 /* Reachability+Rx.swift in Sources */,
				3C62C08025FB10C500EE3CF4 /* ViewModel.swift in Sources */,
				3C671C6F25FEF53400E992F1 /* ObservableViewController.swift in Sources */,
				3C62C07C25FB10C500EE3CF4 /* RefreshViewModel.swift in Sources */,
				3C62C0FD25FB363900EE3CF4 /* HomePopularRootClass.swift in Sources */,
				3C7B59EB25A1C334006DD208 /* AppRouter.swift in Sources */,
				3C66358625EE025F00C16D15 /* KrUILabelExtensions.swift in Sources */,
				3C27672425FA0304004E3987 /* StoringKey.swift in Sources */,
				3C66357C25EDEA9E00C16D15 /* CountDown.swift in Sources */,
				3C44A12125A0760000FCC10A /* TabBarViewController.swift in Sources */,
				3C27666325F9F664004E3987 /* Network.swift in Sources */,
				3C44A10D25A0706B00FCC10A /* MineViewController.swift in Sources */,
				3C44A11C25A073B700FCC10A /* R.generated.swift in Sources */,
				3C66356825EDE31200C16D15 /* KrArrayExtensions.swift in Sources */,
				3C27674A25FA0A71004E3987 /* Refresh.swift in Sources */,
				3C84530925EE1E7400D958FD /* KrBundleExtensions.swift in Sources */,
				3C62C0CF25FB327900EE3CF4 /* PopularCollectionViewCell.swift in Sources */,
				3C66358B25EE033F00C16D15 /* KrOptionalExtensions.swift in Sources */,
				3C62C07D25FB10C500EE3CF4 /* CollectionViewController.swift in Sources */,
				3C8451B825EE0A1900D958FD /* RegexHelper.swift in Sources */,
				3C84521A25EE18AF00D958FD /* KrUITapGestureRecognizerExtensions.swift in Sources */,
				3C62C08625FB127200EE3CF4 /* ActivityIndicator.swift in Sources */,
				3C6B804225F4D57600FBCF9F /* Macros.swift in Sources */,
				3C64954C25C2B53700EDE84F /* UtilCore.swift in Sources */,
				3C64954425C2B21900EDE84F /* KrToastExtensions.swift in Sources */,
			);
			runOnlyForDeploymentPostprocessing = 0;
		};
		3C44A07625A06B5000FCC10A /* Sources */ = {
			isa = PBXSourcesBuildPhase;
			buildActionMask = 2147483647;
			files = (
				3C44A07F25A06B5000FCC10A /* StudySwiftTests.swift in Sources */,
			);
			runOnlyForDeploymentPostprocessing = 0;
		};
		3C44A08125A06B5000FCC10A /* Sources */ = {
			isa = PBXSourcesBuildPhase;
			buildActionMask = 2147483647;
			files = (
				3C44A08A25A06B5000FCC10A /* StudySwiftUITests.swift in Sources */,
			);
			runOnlyForDeploymentPostprocessing = 0;
		};
/* End PBXSourcesBuildPhase section */

/* Begin PBXTargetDependency section */
		3C44A07C25A06B5000FCC10A /* PBXTargetDependency */ = {
			isa = PBXTargetDependency;
			target = 3C44A06325A06B4D00FCC10A /* StudySwift */;
			targetProxy = 3C44A07B25A06B5000FCC10A /* PBXContainerItemProxy */;
		};
		3C44A08725A06B5000FCC10A /* PBXTargetDependency */ = {
			isa = PBXTargetDependency;
			target = 3C44A06325A06B4D00FCC10A /* StudySwift */;
			targetProxy = 3C44A08625A06B5000FCC10A /* PBXContainerItemProxy */;
		};
/* End PBXTargetDependency section */

/* Begin PBXVariantGroup section */
		3C44A07225A06B5000FCC10A /* LaunchScreen.storyboard */ = {
			isa = PBXVariantGroup;
			children = (
				3C44A07325A06B5000FCC10A /* Base */,
			);
			name = LaunchScreen.storyboard;
			sourceTree = "<group>";
		};
/* End PBXVariantGroup section */

/* Begin XCBuildConfiguration section */
		3C44A08C25A06B5000FCC10A /* Debug */ = {
			isa = XCBuildConfiguration;
			buildSettings = {
				ALWAYS_SEARCH_USER_PATHS = NO;
				CLANG_ANALYZER_NONNULL = YES;
				CLANG_ANALYZER_NUMBER_OBJECT_CONVERSION = YES_AGGRESSIVE;
				CLANG_CXX_LANGUAGE_STANDARD = "gnu++14";
				CLANG_CXX_LIBRARY = "libc++";
				CLANG_ENABLE_MODULES = YES;
				CLANG_ENABLE_OBJC_ARC = YES;
				CLANG_ENABLE_OBJC_WEAK = YES;
				CLANG_WARN_BLOCK_CAPTURE_AUTORELEASING = YES;
				CLANG_WARN_BOOL_CONVERSION = YES;
				CLANG_WARN_COMMA = YES;
				CLANG_WARN_CONSTANT_CONVERSION = YES;
				CLANG_WARN_DEPRECATED_OBJC_IMPLEMENTATIONS = YES;
				CLANG_WARN_DIRECT_OBJC_ISA_USAGE = YES_ERROR;
				CLANG_WARN_DOCUMENTATION_COMMENTS = YES;
				CLANG_WARN_EMPTY_BODY = YES;
				CLANG_WARN_ENUM_CONVERSION = YES;
				CLANG_WARN_INFINITE_RECURSION = YES;
				CLANG_WARN_INT_CONVERSION = YES;
				CLANG_WARN_NON_LITERAL_NULL_CONVERSION = YES;
				CLANG_WARN_OBJC_IMPLICIT_RETAIN_SELF = YES;
				CLANG_WARN_OBJC_LITERAL_CONVERSION = YES;
				CLANG_WARN_OBJC_ROOT_CLASS = YES_ERROR;
				CLANG_WARN_QUOTED_INCLUDE_IN_FRAMEWORK_HEADER = YES;
				CLANG_WARN_RANGE_LOOP_ANALYSIS = YES;
				CLANG_WARN_STRICT_PROTOTYPES = YES;
				CLANG_WARN_SUSPICIOUS_MOVE = YES;
				CLANG_WARN_UNGUARDED_AVAILABILITY = YES_AGGRESSIVE;
				CLANG_WARN_UNREACHABLE_CODE = YES;
				CLANG_WARN__DUPLICATE_METHOD_MATCH = YES;
				COPY_PHASE_STRIP = NO;
				DEBUG_INFORMATION_FORMAT = dwarf;
				ENABLE_STRICT_OBJC_MSGSEND = YES;
				ENABLE_TESTABILITY = YES;
				GCC_C_LANGUAGE_STANDARD = gnu11;
				GCC_DYNAMIC_NO_PIC = NO;
				GCC_NO_COMMON_BLOCKS = YES;
				GCC_OPTIMIZATION_LEVEL = 0;
				GCC_PREPROCESSOR_DEFINITIONS = (
					"DEBUG=1",
					"$(inherited)",
				);
				GCC_WARN_64_TO_32_BIT_CONVERSION = YES;
				GCC_WARN_ABOUT_RETURN_TYPE = YES_ERROR;
				GCC_WARN_UNDECLARED_SELECTOR = YES;
				GCC_WARN_UNINITIALIZED_AUTOS = YES_AGGRESSIVE;
				GCC_WARN_UNUSED_FUNCTION = YES;
				GCC_WARN_UNUSED_VARIABLE = YES;
				IPHONEOS_DEPLOYMENT_TARGET = 14.0;
				MTL_ENABLE_DEBUG_INFO = INCLUDE_SOURCE;
				MTL_FAST_MATH = YES;
				ONLY_ACTIVE_ARCH = YES;
				SDKROOT = iphoneos;
				SWIFT_ACTIVE_COMPILATION_CONDITIONS = DEBUG;
				SWIFT_OPTIMIZATION_LEVEL = "-Onone";
			};
			name = Debug;
		};
		3C44A08D25A06B5000FCC10A /* Release */ = {
			isa = XCBuildConfiguration;
			buildSettings = {
				ALWAYS_SEARCH_USER_PATHS = NO;
				CLANG_ANALYZER_NONNULL = YES;
				CLANG_ANALYZER_NUMBER_OBJECT_CONVERSION = YES_AGGRESSIVE;
				CLANG_CXX_LANGUAGE_STANDARD = "gnu++14";
				CLANG_CXX_LIBRARY = "libc++";
				CLANG_ENABLE_MODULES = YES;
				CLANG_ENABLE_OBJC_ARC = YES;
				CLANG_ENABLE_OBJC_WEAK = YES;
				CLANG_WARN_BLOCK_CAPTURE_AUTORELEASING = YES;
				CLANG_WARN_BOOL_CONVERSION = YES;
				CLANG_WARN_COMMA = YES;
				CLANG_WARN_CONSTANT_CONVERSION = YES;
				CLANG_WARN_DEPRECATED_OBJC_IMPLEMENTATIONS = YES;
				CLANG_WARN_DIRECT_OBJC_ISA_USAGE = YES_ERROR;
				CLANG_WARN_DOCUMENTATION_COMMENTS = YES;
				CLANG_WARN_EMPTY_BODY = YES;
				CLANG_WARN_ENUM_CONVERSION = YES;
				CLANG_WARN_INFINITE_RECURSION = YES;
				CLANG_WARN_INT_CONVERSION = YES;
				CLANG_WARN_NON_LITERAL_NULL_CONVERSION = YES;
				CLANG_WARN_OBJC_IMPLICIT_RETAIN_SELF = YES;
				CLANG_WARN_OBJC_LITERAL_CONVERSION = YES;
				CLANG_WARN_OBJC_ROOT_CLASS = YES_ERROR;
				CLANG_WARN_QUOTED_INCLUDE_IN_FRAMEWORK_HEADER = YES;
				CLANG_WARN_RANGE_LOOP_ANALYSIS = YES;
				CLANG_WARN_STRICT_PROTOTYPES = YES;
				CLANG_WARN_SUSPICIOUS_MOVE = YES;
				CLANG_WARN_UNGUARDED_AVAILABILITY = YES_AGGRESSIVE;
				CLANG_WARN_UNREACHABLE_CODE = YES;
				CLANG_WARN__DUPLICATE_METHOD_MATCH = YES;
				COPY_PHASE_STRIP = NO;
				DEBUG_INFORMATION_FORMAT = "dwarf-with-dsym";
				ENABLE_NS_ASSERTIONS = NO;
				ENABLE_STRICT_OBJC_MSGSEND = YES;
				GCC_C_LANGUAGE_STANDARD = gnu11;
				GCC_NO_COMMON_BLOCKS = YES;
				GCC_WARN_64_TO_32_BIT_CONVERSION = YES;
				GCC_WARN_ABOUT_RETURN_TYPE = YES_ERROR;
				GCC_WARN_UNDECLARED_SELECTOR = YES;
				GCC_WARN_UNINITIALIZED_AUTOS = YES_AGGRESSIVE;
				GCC_WARN_UNUSED_FUNCTION = YES;
				GCC_WARN_UNUSED_VARIABLE = YES;
				IPHONEOS_DEPLOYMENT_TARGET = 14.0;
				MTL_ENABLE_DEBUG_INFO = NO;
				MTL_FAST_MATH = YES;
				SDKROOT = iphoneos;
				SWIFT_COMPILATION_MODE = wholemodule;
				SWIFT_OPTIMIZATION_LEVEL = "-O";
				VALIDATE_PRODUCT = YES;
			};
			name = Release;
		};
		3C44A08F25A06B5000FCC10A /* Debug */ = {
			isa = XCBuildConfiguration;
			baseConfigurationReference = 08BAB22936DF9A1F177E5B7C /* Pods-StudySwift.debug.xcconfig */;
			buildSettings = {
				ASSETCATALOG_COMPILER_APPICON_NAME = AppIcon;
				ASSETCATALOG_COMPILER_GLOBAL_ACCENT_COLOR_NAME = AccentColor;
				CLANG_ENABLE_MODULES = YES;
				CODE_SIGN_STYLE = Automatic;
				INFOPLIST_FILE = StudySwift/Info.plist;
				IPHONEOS_DEPLOYMENT_TARGET = 10.0;
				LD_RUNPATH_SEARCH_PATHS = (
					"$(inherited)",
					"@executable_path/Frameworks",
				);
				PRODUCT_BUNDLE_IDENTIFIER = com.study.rxswift.StudySwift;
				PRODUCT_NAME = "$(TARGET_NAME)";
				SWIFT_OBJC_BRIDGING_HEADER = "StudySwift/SwiftBase/Common/StudySwift-Bridging-Header.h";
				SWIFT_OPTIMIZATION_LEVEL = "-Onone";
				SWIFT_VERSION = 5.0;
				TARGETED_DEVICE_FAMILY = 1;
			};
			name = Debug;
		};
		3C44A09025A06B5000FCC10A /* Release */ = {
			isa = XCBuildConfiguration;
			baseConfigurationReference = 6CC32B124E2CD1DBC9DCF376 /* Pods-StudySwift.release.xcconfig */;
			buildSettings = {
				ASSETCATALOG_COMPILER_APPICON_NAME = AppIcon;
				ASSETCATALOG_COMPILER_GLOBAL_ACCENT_COLOR_NAME = AccentColor;
				CLANG_ENABLE_MODULES = YES;
				CODE_SIGN_STYLE = Automatic;
				INFOPLIST_FILE = StudySwift/Info.plist;
				IPHONEOS_DEPLOYMENT_TARGET = 10.0;
				LD_RUNPATH_SEARCH_PATHS = (
					"$(inherited)",
					"@executable_path/Frameworks",
				);
				PRODUCT_BUNDLE_IDENTIFIER = com.study.rxswift.StudySwift;
				PRODUCT_NAME = "$(TARGET_NAME)";
				SWIFT_OBJC_BRIDGING_HEADER = "StudySwift/SwiftBase/Common/StudySwift-Bridging-Header.h";
				SWIFT_VERSION = 5.0;
				TARGETED_DEVICE_FAMILY = 1;
			};
			name = Release;
		};
		3C44A09225A06B5000FCC10A /* Debug */ = {
			isa = XCBuildConfiguration;
			baseConfigurationReference = F6932082149CF58CD2CD5B7B /* Pods-StudySwiftTests.debug.xcconfig */;
			buildSettings = {
				ALWAYS_EMBED_SWIFT_STANDARD_LIBRARIES = YES;
				BUNDLE_LOADER = "$(TEST_HOST)";
				CODE_SIGN_STYLE = Automatic;
				INFOPLIST_FILE = StudySwiftTests/Info.plist;
				IPHONEOS_DEPLOYMENT_TARGET = 14.0;
				LD_RUNPATH_SEARCH_PATHS = (
					"$(inherited)",
					"@executable_path/Frameworks",
					"@loader_path/Frameworks",
				);
				PRODUCT_BUNDLE_IDENTIFIER = com.study.rxswift.StudySwiftTests;
				PRODUCT_NAME = "$(TARGET_NAME)";
				SWIFT_VERSION = 5.0;
				TARGETED_DEVICE_FAMILY = "1,2";
				TEST_HOST = "$(BUILT_PRODUCTS_DIR)/StudySwift.app/StudySwift";
			};
			name = Debug;
		};
		3C44A09325A06B5000FCC10A /* Release */ = {
			isa = XCBuildConfiguration;
			baseConfigurationReference = 2B1850DC258F8326080DA9B9 /* Pods-StudySwiftTests.release.xcconfig */;
			buildSettings = {
				ALWAYS_EMBED_SWIFT_STANDARD_LIBRARIES = YES;
				BUNDLE_LOADER = "$(TEST_HOST)";
				CODE_SIGN_STYLE = Automatic;
				INFOPLIST_FILE = StudySwiftTests/Info.plist;
				IPHONEOS_DEPLOYMENT_TARGET = 14.0;
				LD_RUNPATH_SEARCH_PATHS = (
					"$(inherited)",
					"@executable_path/Frameworks",
					"@loader_path/Frameworks",
				);
				PRODUCT_BUNDLE_IDENTIFIER = com.study.rxswift.StudySwiftTests;
				PRODUCT_NAME = "$(TARGET_NAME)";
				SWIFT_VERSION = 5.0;
				TARGETED_DEVICE_FAMILY = "1,2";
				TEST_HOST = "$(BUILT_PRODUCTS_DIR)/StudySwift.app/StudySwift";
			};
			name = Release;
		};
		3C44A09525A06B5000FCC10A /* Debug */ = {
			isa = XCBuildConfiguration;
			baseConfigurationReference = 264199CEC350F00758F9F1A5 /* Pods-StudySwift-StudySwiftUITests.debug.xcconfig */;
			buildSettings = {
				ALWAYS_EMBED_SWIFT_STANDARD_LIBRARIES = YES;
				CODE_SIGN_STYLE = Automatic;
				INFOPLIST_FILE = StudySwiftUITests/Info.plist;
				LD_RUNPATH_SEARCH_PATHS = (
					"$(inherited)",
					"@executable_path/Frameworks",
					"@loader_path/Frameworks",
				);
				PRODUCT_BUNDLE_IDENTIFIER = com.study.rxswift.StudySwiftUITests;
				PRODUCT_NAME = "$(TARGET_NAME)";
				SWIFT_VERSION = 5.0;
				TARGETED_DEVICE_FAMILY = "1,2";
				TEST_TARGET_NAME = StudySwift;
			};
			name = Debug;
		};
		3C44A09625A06B5000FCC10A /* Release */ = {
			isa = XCBuildConfiguration;
			baseConfigurationReference = 329EE9033DAB1893801AA7FE /* Pods-StudySwift-StudySwiftUITests.release.xcconfig */;
			buildSettings = {
				ALWAYS_EMBED_SWIFT_STANDARD_LIBRARIES = YES;
				CODE_SIGN_STYLE = Automatic;
				INFOPLIST_FILE = StudySwiftUITests/Info.plist;
				LD_RUNPATH_SEARCH_PATHS = (
					"$(inherited)",
					"@executable_path/Frameworks",
					"@loader_path/Frameworks",
				);
				PRODUCT_BUNDLE_IDENTIFIER = com.study.rxswift.StudySwiftUITests;
				PRODUCT_NAME = "$(TARGET_NAME)";
				SWIFT_VERSION = 5.0;
				TARGETED_DEVICE_FAMILY = "1,2";
				TEST_TARGET_NAME = StudySwift;
			};
			name = Release;
		};
/* End XCBuildConfiguration section */

/* Begin XCConfigurationList section */
		3C44A05F25A06B4D00FCC10A /* Build configuration list for PBXProject "StudySwift" */ = {
			isa = XCConfigurationList;
			buildConfigurations = (
				3C44A08C25A06B5000FCC10A /* Debug */,
				3C44A08D25A06B5000FCC10A /* Release */,
			);
			defaultConfigurationIsVisible = 0;
			defaultConfigurationName = Release;
		};
		3C44A08E25A06B5000FCC10A /* Build configuration list for PBXNativeTarget "StudySwift" */ = {
			isa = XCConfigurationList;
			buildConfigurations = (
				3C44A08F25A06B5000FCC10A /* Debug */,
				3C44A09025A06B5000FCC10A /* Release */,
			);
			defaultConfigurationIsVisible = 0;
			defaultConfigurationName = Release;
		};
		3C44A09125A06B5000FCC10A /* Build configuration list for PBXNativeTarget "StudySwiftTests" */ = {
			isa = XCConfigurationList;
			buildConfigurations = (
				3C44A09225A06B5000FCC10A /* Debug */,
				3C44A09325A06B5000FCC10A /* Release */,
			);
			defaultConfigurationIsVisible = 0;
			defaultConfigurationName = Release;
		};
		3C44A09425A06B5000FCC10A /* Build configuration list for PBXNativeTarget "StudySwiftUITests" */ = {
			isa = XCConfigurationList;
			buildConfigurations = (
				3C44A09525A06B5000FCC10A /* Debug */,
				3C44A09625A06B5000FCC10A /* Release */,
			);
			defaultConfigurationIsVisible = 0;
			defaultConfigurationName = Release;
		};
/* End XCConfigurationList section */
	};
	rootObject = 3C44A05C25A06B4D00FCC10A /* Project object */;
}
